// !$*UTF8*$!
{
	archiveVersion = 1;
	classes = {
	};
	objectVersion = 77;
	objects = {

/* Begin PBXBuildFile section */
		02CA9A693E598263A3959757 /* JoinCallUseCase.swift in Sources */ = {isa = PBXBuildFile; fileRef = F308736C62336B4BB6F98FFE /* JoinCallUseCase.swift */; };
		099592D32C6E5FF52DAC2B97 /* MapRepository.swift in Sources */ = {isa = PBXBuildFile; fileRef = 29C1D1222DD8E5EC98DF397C /* MapRepository.swift */; };
		0D2007D11D21CF9193450E54 /* SnackbarView.swift in Sources */ = {isa = PBXBuildFile; fileRef = 961FD2D9013F3780C9C89D8E /* SnackbarView.swift */; };
		0F2806A8668C368410EF176D /* CallService.swift in Sources */ = {isa = PBXBuildFile; fileRef = AF6BE58CF776C3AF555FDF8D /* CallService.swift */; };
		0FF9C5ADB333575BFD341F37 /* CallLobbyView.swift in Sources */ = {isa = PBXBuildFile; fileRef = 5EABB07C6012792FEC92EDE9 /* CallLobbyView.swift */; };
		127EA6C55B855E9DC011D32F /* AuthRepository.swift in Sources */ = {isa = PBXBuildFile; fileRef = 3EDC20AB1DDD9DF775968863 /* AuthRepository.swift */; };
		1440437221AD0993A0D81EF3 /* Color+Theme.swift in Sources */ = {isa = PBXBuildFile; fileRef = 034454EF8B60E675467661F5 /* Color+Theme.swift */; };
		168AA39CC5CE2371A152C894 /* CoreLocationProvider.swift in Sources */ = {isa = PBXBuildFile; fileRef = 34CB33C509284C13745504F0 /* CoreLocationProvider.swift */; };
		1838977A69AFEB84CB83A579 /* SettingsView.swift in Sources */ = {isa = PBXBuildFile; fileRef = 8098B51FE4E55D2B378EA5B5 /* SettingsView.swift */; };
		1E1521C32946FAB7B552CE58 /* MockCallService.swift in Sources */ = {isa = PBXBuildFile; fileRef = D281035FCF4F2023C4C08C51 /* MockCallService.swift */; };
		28C0373787DD71DA900778BF /* CallError.swift in Sources */ = {isa = PBXBuildFile; fileRef = 419B360C8C34EE4505DA9D7D /* CallError.swift */; };
		2DA77386F22421112FCE1779 /* MockAuthRepository.swift in Sources */ = {isa = PBXBuildFile; fileRef = E6B88642CCA08FC65F0BE7BA /* MockAuthRepository.swift */; };
		3129EFFC8BB478576D24AC5F /* MapViewModel.swift in Sources */ = {isa = PBXBuildFile; fileRef = 79DD7CF38B5490CB972E9CB5 /* MapViewModel.swift */; };
		3337937C567A63FF4FA1AA88 /* PrimaryButton.swift in Sources */ = {isa = PBXBuildFile; fileRef = 9137A99B2861454430C243B8 /* PrimaryButton.swift */; };
		495BB184114B52DF9DABD8E0 /* MapScreenView.swift in Sources */ = {isa = PBXBuildFile; fileRef = 313B7B7F88928B41AAAADA57 /* MapScreenView.swift */; };
		525B5ED281D491EEBA4CA889 /* AuthError.swift in Sources */ = {isa = PBXBuildFile; fileRef = A653359D5AA8F997CA7CA996 /* AuthError.swift */; };
		5604602E740CAD970422983B /* SessionStore.swift in Sources */ = {isa = PBXBuildFile; fileRef = 2D5A9B45B946F58D2EC7C028 /* SessionStore.swift */; };
		5BBE8648892FAF82B638D975 /* PlaceAnnotationItem.swift in Sources */ = {isa = PBXBuildFile; fileRef = E82DB6DC00FBA9A8162960AB /* PlaceAnnotationItem.swift */; };
		61189DD69DE0ABC3FFBDF99B /* User.swift in Sources */ = {isa = PBXBuildFile; fileRef = 28A2359DE2A64448A7060DCA /* User.swift */; };
		6B11DD6AFF1E7BB189D9FAD1 /* Coordinate.swift in Sources */ = {isa = PBXBuildFile; fileRef = D5DE65FF6442A2BEDCBEDD22 /* Coordinate.swift */; };
		7354C32BF1D4BC2B240BF313 /* InCallView.swift in Sources */ = {isa = PBXBuildFile; fileRef = 18EA86EA5F740EDC58541794 /* InCallView.swift */; };
		75CA7C616B3DF2F881FCF512 /* RootView.swift in Sources */ = {isa = PBXBuildFile; fileRef = 1010D84F443D0106E29E1B3D /* RootView.swift */; };
		7F21FB35E1765DCE94D4ADF0 /* CallViewModel.swift in Sources */ = {isa = PBXBuildFile; fileRef = 9F838B9446FC9991DAD657CC /* CallViewModel.swift */; };
		8150D20FBDF265C006FDBEAA /* ErrorAlert.swift in Sources */ = {isa = PBXBuildFile; fileRef = 692C329244DD4069F6DE3DFE /* ErrorAlert.swift */; };
		8D1384E5D7B75D098443C35F /* Assets.xcassets in Resources */ = {isa = PBXBuildFile; fileRef = 7870326E1C35C19F11602A16 /* Assets.xcassets */; };
		8D8BF25A55F1A97D8A4A7164 /* UserLocationProvider.swift in Sources */ = {isa = PBXBuildFile; fileRef = 5A03D992D6B2D3B3DF16147A /* UserLocationProvider.swift */; };
		91669927DA4C62ECF08E7801 /* Scene3DViewModel.swift in Sources */ = {isa = PBXBuildFile; fileRef = 258D37E711662262E43A51DC /* Scene3DViewModel.swift */; };
		990080B7929B0A47BFABD084 /* RotatingCubeSceneView.swift in Sources */ = {isa = PBXBuildFile; fileRef = DCDDB0A113EF9181E657CE58 /* RotatingCubeSceneView.swift */; };
		A146B915E60E04CF2769BEA0 /* CallRoom.swift in Sources */ = {isa = PBXBuildFile; fileRef = 5B26B3A256AD9A9695C57167 /* CallRoom.swift */; };
		BB8034839639F2C0AE1DB56F /* Font+Theme.swift in Sources */ = {isa = PBXBuildFile; fileRef = BAAB1668E3EDCE1AEF18B6FD /* Font+Theme.swift */; };
		C8686B8DFC8DBF605C00C75B /* OrbitalApp.swift in Sources */ = {isa = PBXBuildFile; fileRef = 18D03DF7FF7DD3796B5583BE /* OrbitalApp.swift */; };
		C8CDD243EEE586EEC5E6E889 /* LoginUseCase.swift in Sources */ = {isa = PBXBuildFile; fileRef = 36E4217D1B8C7C5B727602CE /* LoginUseCase.swift */; };
		CE283C4F141EC0F3821EF5DE /* SettingsViewModel.swift in Sources */ = {isa = PBXBuildFile; fileRef = 55F1A9D0AD8CB9E474EE1A2F /* SettingsViewModel.swift */; };
		DD34A12F5945B7F2DF52FAD0 /* LoginUseCaseTests.swift in Sources */ = {isa = PBXBuildFile; fileRef = A0AC915B1F2C3FAFB838431A /* LoginUseCaseTests.swift */; };
		DEAF19C0E082D191B8F5B351 /* AppEnvironment.swift in Sources */ = {isa = PBXBuildFile; fileRef = 89656A026FBB129C4D637D75 /* AppEnvironment.swift */; };
		E583F813D767475F3E973A6E /* AuthViewModelTests.swift in Sources */ = {isa = PBXBuildFile; fileRef = 50B1B7D8E09B89AADB19121B /* AuthViewModelTests.swift */; };
		EE77F39E611C24929B0366CD /* AuthView.swift in Sources */ = {isa = PBXBuildFile; fileRef = 8F5BCA97570A251D8757F340 /* AuthView.swift */; };
		F2F8E588EA5F35D113BBDD9A /* MockMapRepository.swift in Sources */ = {isa = PBXBuildFile; fileRef = FD064243FF8280D79ED8805A /* MockMapRepository.swift */; };
		F4346E81FFCE210647CEF01F /* HomeTabView.swift in Sources */ = {isa = PBXBuildFile; fileRef = 97570F60680F3CF250D65EFB /* HomeTabView.swift */; };
		F672C03E920D97DB443F86E2 /* Scene3DScreenView.swift in Sources */ = {isa = PBXBuildFile; fileRef = 022A20E5ECAF9032E7EE2791 /* Scene3DScreenView.swift */; };
		FBA061218DF11024C61BB200 /* AuthViewModel.swift in Sources */ = {isa = PBXBuildFile; fileRef = FC2A587F00BC0D9A5AAD4F2C /* AuthViewModel.swift */; };
/* End PBXBuildFile section */

/* Begin PBXContainerItemProxy section */
		AB981572B4FF830AEAE57B3A /* PBXContainerItemProxy */ = {
			isa = PBXContainerItemProxy;
			containerPortal = FBFCFD641A25498760696220 /* Project object */;
			proxyType = 1;
			remoteGlobalIDString = 1F019267D695BDC7B963BDCB;
			remoteInfo = OrbitalApp;
		};
/* End PBXContainerItemProxy section */

/* Begin PBXFileReference section */
		022A20E5ECAF9032E7EE2791 /* Scene3DScreenView.swift */ = {isa = PBXFileReference; lastKnownFileType = sourcecode.swift; path = Scene3DScreenView.swift; sourceTree = "<group>"; };
		034454EF8B60E675467661F5 /* Color+Theme.swift */ = {isa = PBXFileReference; lastKnownFileType = sourcecode.swift; path = "Color+Theme.swift"; sourceTree = "<group>"; };
		0AA07D0CF81FCCBA90A43098 /* OrbitalAppTests.xctest */ = {isa = PBXFileReference; includeInIndex = 0; lastKnownFileType = wrapper.cfbundle; path = OrbitalAppTests.xctest; sourceTree = BUILT_PRODUCTS_DIR; };
		1010D84F443D0106E29E1B3D /* RootView.swift */ = {isa = PBXFileReference; lastKnownFileType = sourcecode.swift; path = RootView.swift; sourceTree = "<group>"; };
		18D03DF7FF7DD3796B5583BE /* OrbitalApp.swift */ = {isa = PBXFileReference; lastKnownFileType = sourcecode.swift; path = OrbitalApp.swift; sourceTree = "<group>"; };
		18EA86EA5F740EDC58541794 /* InCallView.swift */ = {isa = PBXFileReference; lastKnownFileType = sourcecode.swift; path = InCallView.swift; sourceTree = "<group>"; };
		258D37E711662262E43A51DC /* Scene3DViewModel.swift */ = {isa = PBXFileReference; lastKnownFileType = sourcecode.swift; path = Scene3DViewModel.swift; sourceTree = "<group>"; };
		28A2359DE2A64448A7060DCA /* User.swift */ = {isa = PBXFileReference; lastKnownFileType = sourcecode.swift; path = User.swift; sourceTree = "<group>"; };
		29C1D1222DD8E5EC98DF397C /* MapRepository.swift */ = {isa = PBXFileReference; lastKnownFileType = sourcecode.swift; path = MapRepository.swift; sourceTree = "<group>"; };
		2D5A9B45B946F58D2EC7C028 /* SessionStore.swift */ = {isa = PBXFileReference; lastKnownFileType = sourcecode.swift; path = SessionStore.swift; sourceTree = "<group>"; };
		313B7B7F88928B41AAAADA57 /* MapScreenView.swift */ = {isa = PBXFileReference; lastKnownFileType = sourcecode.swift; path = MapScreenView.swift; sourceTree = "<group>"; };
		34456A3007A90A5828469202 /* Info.plist */ = {isa = PBXFileReference; lastKnownFileType = text.plist; path = Info.plist; sourceTree = "<group>"; };
		34CB33C509284C13745504F0 /* CoreLocationProvider.swift */ = {isa = PBXFileReference; lastKnownFileType = sourcecode.swift; path = CoreLocationProvider.swift; sourceTree = "<group>"; };
		36E4217D1B8C7C5B727602CE /* LoginUseCase.swift */ = {isa = PBXFileReference; lastKnownFileType = sourcecode.swift; path = LoginUseCase.swift; sourceTree = "<group>"; };
		3EDC20AB1DDD9DF775968863 /* AuthRepository.swift */ = {isa = PBXFileReference; lastKnownFileType = sourcecode.swift; path = AuthRepository.swift; sourceTree = "<group>"; };
		419B360C8C34EE4505DA9D7D /* CallError.swift */ = {isa = PBXFileReference; lastKnownFileType = sourcecode.swift; path = CallError.swift; sourceTree = "<group>"; };
		50B1B7D8E09B89AADB19121B /* AuthViewModelTests.swift */ = {isa = PBXFileReference; lastKnownFileType = sourcecode.swift; path = AuthViewModelTests.swift; sourceTree = "<group>"; };
		55F1A9D0AD8CB9E474EE1A2F /* SettingsViewModel.swift */ = {isa = PBXFileReference; lastKnownFileType = sourcecode.swift; path = SettingsViewModel.swift; sourceTree = "<group>"; };
		5A03D992D6B2D3B3DF16147A /* UserLocationProvider.swift */ = {isa = PBXFileReference; lastKnownFileType = sourcecode.swift; path = UserLocationProvider.swift; sourceTree = "<group>"; };
		5B26B3A256AD9A9695C57167 /* CallRoom.swift */ = {isa = PBXFileReference; lastKnownFileType = sourcecode.swift; path = CallRoom.swift; sourceTree = "<group>"; };
		5EABB07C6012792FEC92EDE9 /* CallLobbyView.swift */ = {isa = PBXFileReference; lastKnownFileType = sourcecode.swift; path = CallLobbyView.swift; sourceTree = "<group>"; };
		692C329244DD4069F6DE3DFE /* ErrorAlert.swift */ = {isa = PBXFileReference; lastKnownFileType = sourcecode.swift; path = ErrorAlert.swift; sourceTree = "<group>"; };
		7870326E1C35C19F11602A16 /* Assets.xcassets */ = {isa = PBXFileReference; lastKnownFileType = folder.assetcatalog; path = Assets.xcassets; sourceTree = "<group>"; };
		79DD7CF38B5490CB972E9CB5 /* MapViewModel.swift */ = {isa = PBXFileReference; lastKnownFileType = sourcecode.swift; path = MapViewModel.swift; sourceTree = "<group>"; };
		8098B51FE4E55D2B378EA5B5 /* SettingsView.swift */ = {isa = PBXFileReference; lastKnownFileType = sourcecode.swift; path = SettingsView.swift; sourceTree = "<group>"; };
		89656A026FBB129C4D637D75 /* AppEnvironment.swift */ = {isa = PBXFileReference; lastKnownFileType = sourcecode.swift; path = AppEnvironment.swift; sourceTree = "<group>"; };
		8F5BCA97570A251D8757F340 /* AuthView.swift */ = {isa = PBXFileReference; lastKnownFileType = sourcecode.swift; path = AuthView.swift; sourceTree = "<group>"; };
		9137A99B2861454430C243B8 /* PrimaryButton.swift */ = {isa = PBXFileReference; lastKnownFileType = sourcecode.swift; path = PrimaryButton.swift; sourceTree = "<group>"; };
		961FD2D9013F3780C9C89D8E /* SnackbarView.swift */ = {isa = PBXFileReference; lastKnownFileType = sourcecode.swift; path = SnackbarView.swift; sourceTree = "<group>"; };
		97570F60680F3CF250D65EFB /* HomeTabView.swift */ = {isa = PBXFileReference; lastKnownFileType = sourcecode.swift; path = HomeTabView.swift; sourceTree = "<group>"; };
		9F838B9446FC9991DAD657CC /* CallViewModel.swift */ = {isa = PBXFileReference; lastKnownFileType = sourcecode.swift; path = CallViewModel.swift; sourceTree = "<group>"; };
		A0AC915B1F2C3FAFB838431A /* LoginUseCaseTests.swift */ = {isa = PBXFileReference; lastKnownFileType = sourcecode.swift; path = LoginUseCaseTests.swift; sourceTree = "<group>"; };
		A6075CF026151D4CFE675D00 /* OrbitalApp.app */ = {isa = PBXFileReference; includeInIndex = 0; lastKnownFileType = wrapper.application; path = OrbitalApp.app; sourceTree = BUILT_PRODUCTS_DIR; };
		A653359D5AA8F997CA7CA996 /* AuthError.swift */ = {isa = PBXFileReference; lastKnownFileType = sourcecode.swift; path = AuthError.swift; sourceTree = "<group>"; };
		AF6BE58CF776C3AF555FDF8D /* CallService.swift */ = {isa = PBXFileReference; lastKnownFileType = sourcecode.swift; path = CallService.swift; sourceTree = "<group>"; };
		BAAB1668E3EDCE1AEF18B6FD /* Font+Theme.swift */ = {isa = PBXFileReference; lastKnownFileType = sourcecode.swift; path = "Font+Theme.swift"; sourceTree = "<group>"; };
		D281035FCF4F2023C4C08C51 /* MockCallService.swift */ = {isa = PBXFileReference; lastKnownFileType = sourcecode.swift; path = MockCallService.swift; sourceTree = "<group>"; };
		D5DE65FF6442A2BEDCBEDD22 /* Coordinate.swift */ = {isa = PBXFileReference; lastKnownFileType = sourcecode.swift; path = Coordinate.swift; sourceTree = "<group>"; };
		DCDDB0A113EF9181E657CE58 /* RotatingCubeSceneView.swift */ = {isa = PBXFileReference; lastKnownFileType = sourcecode.swift; path = RotatingCubeSceneView.swift; sourceTree = "<group>"; };
		E6B88642CCA08FC65F0BE7BA /* MockAuthRepository.swift */ = {isa = PBXFileReference; lastKnownFileType = sourcecode.swift; path = MockAuthRepository.swift; sourceTree = "<group>"; };
		E82DB6DC00FBA9A8162960AB /* PlaceAnnotationItem.swift */ = {isa = PBXFileReference; lastKnownFileType = sourcecode.swift; path = PlaceAnnotationItem.swift; sourceTree = "<group>"; };
		F308736C62336B4BB6F98FFE /* JoinCallUseCase.swift */ = {isa = PBXFileReference; lastKnownFileType = sourcecode.swift; path = JoinCallUseCase.swift; sourceTree = "<group>"; };
		FC2A587F00BC0D9A5AAD4F2C /* AuthViewModel.swift */ = {isa = PBXFileReference; lastKnownFileType = sourcecode.swift; path = AuthViewModel.swift; sourceTree = "<group>"; };
		FD064243FF8280D79ED8805A /* MockMapRepository.swift */ = {isa = PBXFileReference; lastKnownFileType = sourcecode.swift; path = MockMapRepository.swift; sourceTree = "<group>"; };
/* End PBXFileReference section */

/* Begin PBXGroup section */
		0BB29F50C3F7F311EB2C33AF /* Call */ = {
			isa = PBXGroup;
			children = (
				5EABB07C6012792FEC92EDE9 /* CallLobbyView.swift */,
				9F838B9446FC9991DAD657CC /* CallViewModel.swift */,
				18EA86EA5F740EDC58541794 /* InCallView.swift */,
			);
			path = Call;
			sourceTree = "<group>";
		};
		1F326DA7B3467644AC742FC3 /* Scene3D */ = {
			isa = PBXGroup;
			children = (
				DCDDB0A113EF9181E657CE58 /* RotatingCubeSceneView.swift */,
				022A20E5ECAF9032E7EE2791 /* Scene3DScreenView.swift */,
				258D37E711662262E43A51DC /* Scene3DViewModel.swift */,
			);
			path = Scene3D;
			sourceTree = "<group>";
		};
		243358488D8FBA2885084F1C /* OrbitalApp */ = {
			isa = PBXGroup;
			children = (
				374901DE67A0C13CA05CC1BC /* App */,
				B04545A502BEDE5F9C325E96 /* Data */,
				F9ADBE9F5353250F68BCB089 /* Domain */,
				9B77FBA89EBCAA93218F7ED6 /* Presentation */,
				F672691A4C4A47D0EA385632 /* Resources */,
			);
			path = OrbitalApp;
			sourceTree = "<group>";
		};
		2548486664DD1DFA83739F20 /* Common */ = {
			isa = PBXGroup;
			children = (
				A5AEAD9602C0586A8E29CFB1 /* Components */,
				76E91DEDBF8960ADB999F391 /* Theme */,
			);
			path = Common;
			sourceTree = "<group>";
		};
		2A786B2AEAF97E919679470B /* Home */ = {
			isa = PBXGroup;
			children = (
				97570F60680F3CF250D65EFB /* HomeTabView.swift */,
			);
			path = Home;
			sourceTree = "<group>";
		};
		34304A823F687F8A197A1AFE /* UseCases */ = {
			isa = PBXGroup;
			children = (
				F308736C62336B4BB6F98FFE /* JoinCallUseCase.swift */,
				36E4217D1B8C7C5B727602CE /* LoginUseCase.swift */,
			);
			path = UseCases;
			sourceTree = "<group>";
		};
		362683B6DD6A9B0F06C7E252 /* Errors */ = {
			isa = PBXGroup;
			children = (
				A653359D5AA8F997CA7CA996 /* AuthError.swift */,
				419B360C8C34EE4505DA9D7D /* CallError.swift */,
			);
			path = Errors;
			sourceTree = "<group>";
		};
		374901DE67A0C13CA05CC1BC /* App */ = {
			isa = PBXGroup;
			children = (
				89656A026FBB129C4D637D75 /* AppEnvironment.swift */,
				18D03DF7FF7DD3796B5583BE /* OrbitalApp.swift */,
				1010D84F443D0106E29E1B3D /* RootView.swift */,
				2D5A9B45B946F58D2EC7C028 /* SessionStore.swift */,
			);
			path = App;
			sourceTree = "<group>";
		};
		4B09940208E7A321EDFBEDB6 /* Settings */ = {
			isa = PBXGroup;
			children = (
				8098B51FE4E55D2B378EA5B5 /* SettingsView.swift */,
				55F1A9D0AD8CB9E474EE1A2F /* SettingsViewModel.swift */,
			);
			path = Settings;
			sourceTree = "<group>";
		};
		64B50C44C6139C5EF47F1B2A /* Map */ = {
			isa = PBXGroup;
			children = (
				313B7B7F88928B41AAAADA57 /* MapScreenView.swift */,
				79DD7CF38B5490CB972E9CB5 /* MapViewModel.swift */,
			);
			path = Map;
			sourceTree = "<group>";
		};
		6EB7489B0B56BD194DDBC775 /* OrbitalAppTests */ = {
			isa = PBXGroup;
			children = (
				50B1B7D8E09B89AADB19121B /* AuthViewModelTests.swift */,
				A0AC915B1F2C3FAFB838431A /* LoginUseCaseTests.swift */,
			);
			path = OrbitalAppTests;
			sourceTree = "<group>";
		};
		7301C4EFAAC2C350C1FB7C85 /* Map */ = {
			isa = PBXGroup;
			children = (
				FD064243FF8280D79ED8805A /* MockMapRepository.swift */,
			);
			path = Map;
			sourceTree = "<group>";
		};
		76E91DEDBF8960ADB999F391 /* Theme */ = {
			isa = PBXGroup;
			children = (
				034454EF8B60E675467661F5 /* Color+Theme.swift */,
				BAAB1668E3EDCE1AEF18B6FD /* Font+Theme.swift */,
			);
			path = Theme;
			sourceTree = "<group>";
		};
		7FBC20FD17A0CE30FA251676 /* Auth */ = {
			isa = PBXGroup;
			children = (
				8F5BCA97570A251D8757F340 /* AuthView.swift */,
				FC2A587F00BC0D9A5AAD4F2C /* AuthViewModel.swift */,
			);
			path = Auth;
			sourceTree = "<group>";
		};
		962BFF9B9E1B336C56EBA0C8 /* Entities */ = {
			isa = PBXGroup;
			children = (
				5B26B3A256AD9A9695C57167 /* CallRoom.swift */,
				D5DE65FF6442A2BEDCBEDD22 /* Coordinate.swift */,
				E82DB6DC00FBA9A8162960AB /* PlaceAnnotationItem.swift */,
				28A2359DE2A64448A7060DCA /* User.swift */,
			);
			path = Entities;
			sourceTree = "<group>";
		};
		9B77FBA89EBCAA93218F7ED6 /* Presentation */ = {
			isa = PBXGroup;
			children = (
				7FBC20FD17A0CE30FA251676 /* Auth */,
				0BB29F50C3F7F311EB2C33AF /* Call */,
				2548486664DD1DFA83739F20 /* Common */,
				2A786B2AEAF97E919679470B /* Home */,
				64B50C44C6139C5EF47F1B2A /* Map */,
				1F326DA7B3467644AC742FC3 /* Scene3D */,
				4B09940208E7A321EDFBEDB6 /* Settings */,
			);
			path = Presentation;
			sourceTree = "<group>";
		};
		9D377FA7E23818A61B93D281 /* Services */ = {
			isa = PBXGroup;
			children = (
				AF6BE58CF776C3AF555FDF8D /* CallService.swift */,
			);
			path = Services;
			sourceTree = "<group>";
		};
		A155E6D7A30F48B62E5910CB /* Repositories */ = {
			isa = PBXGroup;
			children = (
				3EDC20AB1DDD9DF775968863 /* AuthRepository.swift */,
				29C1D1222DD8E5EC98DF397C /* MapRepository.swift */,
				5A03D992D6B2D3B3DF16147A /* UserLocationProvider.swift */,
			);
			path = Repositories;
			sourceTree = "<group>";
		};
		A5AEAD9602C0586A8E29CFB1 /* Components */ = {
			isa = PBXGroup;
			children = (
				692C329244DD4069F6DE3DFE /* ErrorAlert.swift */,
				9137A99B2861454430C243B8 /* PrimaryButton.swift */,
				961FD2D9013F3780C9C89D8E /* SnackbarView.swift */,
			);
			path = Components;
			sourceTree = "<group>";
		};
		AE590492CD6FDAB59ABA6621 /* Call */ = {
			isa = PBXGroup;
			children = (
				D281035FCF4F2023C4C08C51 /* MockCallService.swift */,
			);
			path = Call;
			sourceTree = "<group>";
		};
		B04545A502BEDE5F9C325E96 /* Data */ = {
			isa = PBXGroup;
			children = (
				F0FF0AE4F865D25511A747E5 /* Auth */,
				AE590492CD6FDAB59ABA6621 /* Call */,
				E69DF2DB7BAD446674132001 /* Location */,
				7301C4EFAAC2C350C1FB7C85 /* Map */,
			);
			path = Data;
			sourceTree = "<group>";
		};
		B382B7F1F40AF3D26F30A419 = {
			isa = PBXGroup;
			children = (
				243358488D8FBA2885084F1C /* OrbitalApp */,
				6EB7489B0B56BD194DDBC775 /* OrbitalAppTests */,
				F466E2D86B9C7A3127890117 /* Products */,
			);
			sourceTree = "<group>";
		};
		E69DF2DB7BAD446674132001 /* Location */ = {
			isa = PBXGroup;
			children = (
				34CB33C509284C13745504F0 /* CoreLocationProvider.swift */,
			);
			path = Location;
			sourceTree = "<group>";
		};
		F0FF0AE4F865D25511A747E5 /* Auth */ = {
			isa = PBXGroup;
			children = (
				E6B88642CCA08FC65F0BE7BA /* MockAuthRepository.swift */,
			);
			path = Auth;
			sourceTree = "<group>";
		};
		F466E2D86B9C7A3127890117 /* Products */ = {
			isa = PBXGroup;
			children = (
				A6075CF026151D4CFE675D00 /* OrbitalApp.app */,
				0AA07D0CF81FCCBA90A43098 /* OrbitalAppTests.xctest */,
			);
			name = Products;
			sourceTree = "<group>";
		};
		F672691A4C4A47D0EA385632 /* Resources */ = {
			isa = PBXGroup;
			children = (
				7870326E1C35C19F11602A16 /* Assets.xcassets */,
				34456A3007A90A5828469202 /* Info.plist */,
			);
			path = Resources;
			sourceTree = "<group>";
		};
		F9ADBE9F5353250F68BCB089 /* Domain */ = {
			isa = PBXGroup;
			children = (
				962BFF9B9E1B336C56EBA0C8 /* Entities */,
				362683B6DD6A9B0F06C7E252 /* Errors */,
				A155E6D7A30F48B62E5910CB /* Repositories */,
				9D377FA7E23818A61B93D281 /* Services */,
				34304A823F687F8A197A1AFE /* UseCases */,
			);
			path = Domain;
			sourceTree = "<group>";
		};
/* End PBXGroup section */

/* Begin PBXNativeTarget section */
		1F019267D695BDC7B963BDCB /* OrbitalApp */ = {
			isa = PBXNativeTarget;
			buildConfigurationList = 49947A928AABD43E2AA2622D /* Build configuration list for PBXNativeTarget "OrbitalApp" */;
			buildPhases = (
				EA9121F36972E6B41706C778 /* Sources */,
				9AA56E95F408B0066DCF9B82 /* Resources */,
			);
			buildRules = (
			);
			dependencies = (
			);
			name = OrbitalApp;
			packageProductDependencies = (
			);
			productName = OrbitalApp;
			productReference = A6075CF026151D4CFE675D00 /* OrbitalApp.app */;
			productType = "com.apple.product-type.application";
		};
		71FD1FC7E8CD434AF14D1B6F /* OrbitalAppTests */ = {
			isa = PBXNativeTarget;
			buildConfigurationList = 309F0BC1AB913ED2B17174C1 /* Build configuration list for PBXNativeTarget "OrbitalAppTests" */;
			buildPhases = (
				F807A21798FF1693903BB2C5 /* Sources */,
			);
			buildRules = (
			);
			dependencies = (
				4D527568385ABC64C67C992D /* PBXTargetDependency */,
			);
			name = OrbitalAppTests;
			packageProductDependencies = (
			);
			productName = OrbitalAppTests;
			productReference = 0AA07D0CF81FCCBA90A43098 /* OrbitalAppTests.xctest */;
			productType = "com.apple.product-type.bundle.unit-test";
		};
/* End PBXNativeTarget section */

/* Begin PBXProject section */
		FBFCFD641A25498760696220 /* Project object */ = {
			isa = PBXProject;
			attributes = {
				BuildIndependentTargetsInParallel = YES;
				LastUpgradeCheck = 1430;
				TargetAttributes = {
				};
			};
			buildConfigurationList = DC6440AC9C08BEC8DC748103 /* Build configuration list for PBXProject "OrbitalApp" */;
			developmentRegion = en;
			hasScannedForEncodings = 0;
			knownRegions = (
				Base,
				en,
			);
			mainGroup = B382B7F1F40AF3D26F30A419;
			minimizedProjectReferenceProxies = 1;
			preferredProjectObjectVersion = 77;
			productRefGroup = F466E2D86B9C7A3127890117 /* Products */;
			projectDirPath = "";
			projectRoot = "";
			targets = (
				1F019267D695BDC7B963BDCB /* OrbitalApp */,
				71FD1FC7E8CD434AF14D1B6F /* OrbitalAppTests */,
			);
		};
/* End PBXProject section */

/* Begin PBXResourcesBuildPhase section */
		9AA56E95F408B0066DCF9B82 /* Resources */ = {
			isa = PBXResourcesBuildPhase;
			buildActionMask = 2147483647;
			files = (
				8D1384E5D7B75D098443C35F /* Assets.xcassets in Resources */,
			);
			runOnlyForDeploymentPostprocessing = 0;
		};
/* End PBXResourcesBuildPhase section */

/* Begin PBXSourcesBuildPhase section */
		EA9121F36972E6B41706C778 /* Sources */ = {
			isa = PBXSourcesBuildPhase;
			buildActionMask = 2147483647;
			files = (
				DEAF19C0E082D191B8F5B351 /* AppEnvironment.swift in Sources */,
				525B5ED281D491EEBA4CA889 /* AuthError.swift in Sources */,
				127EA6C55B855E9DC011D32F /* AuthRepository.swift in Sources */,
				EE77F39E611C24929B0366CD /* AuthView.swift in Sources */,
				FBA061218DF11024C61BB200 /* AuthViewModel.swift in Sources */,
				28C0373787DD71DA900778BF /* CallError.swift in Sources */,
				0FF9C5ADB333575BFD341F37 /* CallLobbyView.swift in Sources */,
				A146B915E60E04CF2769BEA0 /* CallRoom.swift in Sources */,
				0F2806A8668C368410EF176D /* CallService.swift in Sources */,
				7F21FB35E1765DCE94D4ADF0 /* CallViewModel.swift in Sources */,
				1440437221AD0993A0D81EF3 /* Color+Theme.swift in Sources */,
				6B11DD6AFF1E7BB189D9FAD1 /* Coordinate.swift in Sources */,
				168AA39CC5CE2371A152C894 /* CoreLocationProvider.swift in Sources */,
				8150D20FBDF265C006FDBEAA /* ErrorAlert.swift in Sources */,
				BB8034839639F2C0AE1DB56F /* Font+Theme.swift in Sources */,
				F4346E81FFCE210647CEF01F /* HomeTabView.swift in Sources */,
				7354C32BF1D4BC2B240BF313 /* InCallView.swift in Sources */,
				02CA9A693E598263A3959757 /* JoinCallUseCase.swift in Sources */,
				C8CDD243EEE586EEC5E6E889 /* LoginUseCase.swift in Sources */,
				099592D32C6E5FF52DAC2B97 /* MapRepository.swift in Sources */,
				495BB184114B52DF9DABD8E0 /* MapScreenView.swift in Sources */,
				3129EFFC8BB478576D24AC5F /* MapViewModel.swift in Sources */,
				2DA77386F22421112FCE1779 /* MockAuthRepository.swift in Sources */,
				1E1521C32946FAB7B552CE58 /* MockCallService.swift in Sources */,
				F2F8E588EA5F35D113BBDD9A /* MockMapRepository.swift in Sources */,
				C8686B8DFC8DBF605C00C75B /* OrbitalApp.swift in Sources */,
				5BBE8648892FAF82B638D975 /* PlaceAnnotationItem.swift in Sources */,
				3337937C567A63FF4FA1AA88 /* PrimaryButton.swift in Sources */,
				75CA7C616B3DF2F881FCF512 /* RootView.swift in Sources */,
				990080B7929B0A47BFABD084 /* RotatingCubeSceneView.swift in Sources */,
				F672C03E920D97DB443F86E2 /* Scene3DScreenView.swift in Sources */,
				91669927DA4C62ECF08E7801 /* Scene3DViewModel.swift in Sources */,
				5604602E740CAD970422983B /* SessionStore.swift in Sources */,
				1838977A69AFEB84CB83A579 /* SettingsView.swift in Sources */,
				CE283C4F141EC0F3821EF5DE /* SettingsViewModel.swift in Sources */,
				0D2007D11D21CF9193450E54 /* SnackbarView.swift in Sources */,
				61189DD69DE0ABC3FFBDF99B /* User.swift in Sources */,
				8D8BF25A55F1A97D8A4A7164 /* UserLocationProvider.swift in Sources */,
			);
			runOnlyForDeploymentPostprocessing = 0;
		};
		F807A21798FF1693903BB2C5 /* Sources */ = {
			isa = PBXSourcesBuildPhase;
			buildActionMask = 2147483647;
			files = (
				E583F813D767475F3E973A6E /* AuthViewModelTests.swift in Sources */,
				DD34A12F5945B7F2DF52FAD0 /* LoginUseCaseTests.swift in Sources */,
			);
			runOnlyForDeploymentPostprocessing = 0;
		};
/* End PBXSourcesBuildPhase section */

/* Begin PBXTargetDependency section */
		4D527568385ABC64C67C992D /* PBXTargetDependency */ = {
			isa = PBXTargetDependency;
			target = 1F019267D695BDC7B963BDCB /* OrbitalApp */;
			targetProxy = AB981572B4FF830AEAE57B3A /* PBXContainerItemProxy */;
		};
/* End PBXTargetDependency section */

/* Begin XCBuildConfiguration section */
		4478FB3C8936205F22ED6C78 /* Debug */ = {
			isa = XCBuildConfiguration;
			buildSettings = {
				ALWAYS_SEARCH_USER_PATHS = NO;
				CLANG_ANALYZER_NONNULL = YES;
				CLANG_ANALYZER_NUMBER_OBJECT_CONVERSION = YES_AGGRESSIVE;
				CLANG_CXX_LANGUAGE_STANDARD = "gnu++14";
				CLANG_CXX_LIBRARY = "libc++";
				CLANG_ENABLE_MODULES = YES;
				CLANG_ENABLE_OBJC_ARC = YES;
				CLANG_ENABLE_OBJC_WEAK = YES;
				CLANG_WARN_BLOCK_CAPTURE_AUTORELEASING = YES;
				CLANG_WARN_BOOL_CONVERSION = YES;
				CLANG_WARN_COMMA = YES;
				CLANG_WARN_CONSTANT_CONVERSION = YES;
				CLANG_WARN_DEPRECATED_OBJC_IMPLEMENTATIONS = YES;
				CLANG_WARN_DIRECT_OBJC_ISA_USAGE = YES_ERROR;
				CLANG_WARN_DOCUMENTATION_COMMENTS = YES;
				CLANG_WARN_EMPTY_BODY = YES;
				CLANG_WARN_ENUM_CONVERSION = YES;
				CLANG_WARN_INFINITE_RECURSION = YES;
				CLANG_WARN_INT_CONVERSION = YES;
				CLANG_WARN_NON_LITERAL_NULL_CONVERSION = YES;
				CLANG_WARN_OBJC_IMPLICIT_RETAIN_SELF = YES;
				CLANG_WARN_OBJC_LITERAL_CONVERSION = YES;
				CLANG_WARN_OBJC_ROOT_CLASS = YES_ERROR;
				CLANG_WARN_QUOTED_INCLUDE_IN_FRAMEWORK_HEADER = YES;
				CLANG_WARN_RANGE_LOOP_ANALYSIS = YES;
				CLANG_WARN_STRICT_PROTOTYPES = YES;
				CLANG_WARN_SUSPICIOUS_MOVE = YES;
				CLANG_WARN_UNGUARDED_AVAILABILITY = YES_AGGRESSIVE;
				CLANG_WARN_UNREACHABLE_CODE = YES;
				CLANG_WARN__DUPLICATE_METHOD_MATCH = YES;
				COPY_PHASE_STRIP = NO;
				DEBUG_INFORMATION_FORMAT = dwarf;
				ENABLE_PREVIEWS = YES;
				ENABLE_STRICT_OBJC_MSGSEND = YES;
				ENABLE_TESTABILITY = YES;
				GCC_C_LANGUAGE_STANDARD = gnu11;
				GCC_DYNAMIC_NO_PIC = NO;
				GCC_NO_COMMON_BLOCKS = YES;
				GCC_OPTIMIZATION_LEVEL = 0;
				GCC_PREPROCESSOR_DEFINITIONS = (
					"$(inherited)",
					"DEBUG=1",
				);
				GCC_WARN_64_TO_32_BIT_CONVERSION = YES;
				GCC_WARN_ABOUT_RETURN_TYPE = YES_ERROR;
				GCC_WARN_UNDECLARED_SELECTOR = YES;
				GCC_WARN_UNINITIALIZED_AUTOS = YES_AGGRESSIVE;
				GCC_WARN_UNUSED_FUNCTION = YES;
				GCC_WARN_UNUSED_VARIABLE = YES;
				IPHONEOS_DEPLOYMENT_TARGET = 17.0;
				MTL_ENABLE_DEBUG_INFO = INCLUDE_SOURCE;
				MTL_FAST_MATH = YES;
				ONLY_ACTIVE_ARCH = YES;
				PRODUCT_NAME = "$(TARGET_NAME)";
				SDKROOT = iphoneos;
				SWIFT_ACTIVE_COMPILATION_CONDITIONS = DEBUG;
				SWIFT_OPTIMIZATION_LEVEL = "-Onone";
				SWIFT_VERSION = 5.10;
			};
			name = Debug;
		};
		890B1236012284A0F6C94669 /* Debug */ = {
			isa = XCBuildConfiguration;
			buildSettings = {
				BUNDLE_LOADER = "$(TEST_HOST)";
				IPHONEOS_DEPLOYMENT_TARGET = 17.0;
				LD_RUNPATH_SEARCH_PATHS = (
					"$(inherited)",
					"@executable_path/Frameworks",
					"@loader_path/Frameworks",
				);
				PRODUCT_BUNDLE_IDENTIFIER = com.orbital.OrbitalAppTests;
				SDKROOT = iphoneos;
				TARGETED_DEVICE_FAMILY = "1,2";
				TEST_HOST = "$(BUILT_PRODUCTS_DIR)/OrbitalApp.app/OrbitalApp";
			};
			name = Debug;
		};
		907F4F5EDECAA5CB85F3B704 /* Release */ = {
			isa = XCBuildConfiguration;
			buildSettings = {
				ASSETCATALOG_COMPILER_APPICON_NAME = AppIcon;
				ASSETCATALOG_COMPILER_GLOBAL_ACCENT_COLOR_NAME = AccentColor;
				CODE_SIGN_IDENTITY = "iPhone Developer";
				INFOPLIST_FILE = OrbitalApp/Resources/Info.plist;
				IPHONEOS_DEPLOYMENT_TARGET = 17.0;
				LD_RUNPATH_SEARCH_PATHS = (
					"$(inherited)",
					"@executable_path/Frameworks",
				);
				PRODUCT_BUNDLE_IDENTIFIER = com.orbital.app;
				SDKROOT = iphoneos;
				TARGETED_DEVICE_FAMILY = 1;
			};
			name = Release;
		};
		B19602970E28D138DC1770C1 /* Debug */ = {
			isa = XCBuildConfiguration;
			buildSettings = {
				ASSETCATALOG_COMPILER_APPICON_NAME = AppIcon;
				ASSETCATALOG_COMPILER_GLOBAL_ACCENT_COLOR_NAME = AccentColor;
				CODE_SIGN_IDENTITY = "iPhone Developer";
				INFOPLIST_FILE = OrbitalApp/Resources/Info.plist;
				IPHONEOS_DEPLOYMENT_TARGET = 17.0;
				LD_RUNPATH_SEARCH_PATHS = (
					"$(inherited)",
					"@executable_path/Frameworks",
				);
				PRODUCT_BUNDLE_IDENTIFIER = com.orbital.app;
				SDKROOT = iphoneos;
				TARGETED_DEVICE_FAMILY = 1;
			};
			name = Debug;
		};
		C65F4402CC69D4FB85B9DA10 /* Release */ = {
			isa = XCBuildConfiguration;
			buildSettings = {
				ALWAYS_SEARCH_USER_PATHS = NO;
				CLANG_ANALYZER_NONNULL = YES;
				CLANG_ANALYZER_NUMBER_OBJECT_CONVERSION = YES_AGGRESSIVE;
				CLANG_CXX_LANGUAGE_STANDARD = "gnu++14";
				CLANG_CXX_LIBRARY = "libc++";
				CLANG_ENABLE_MODULES = YES;
				CLANG_ENABLE_OBJC_ARC = YES;
				CLANG_ENABLE_OBJC_WEAK = YES;
				CLANG_WARN_BLOCK_CAPTURE_AUTORELEASING = YES;
				CLANG_WARN_BOOL_CONVERSION = YES;
				CLANG_WARN_COMMA = YES;
				CLANG_WARN_CONSTANT_CONVERSION = YES;
				CLANG_WARN_DEPRECATED_OBJC_IMPLEMENTATIONS = YES;
				CLANG_WARN_DIRECT_OBJC_ISA_USAGE = YES_ERROR;
				CLANG_WARN_DOCUMENTATION_COMMENTS = YES;
				CLANG_WARN_EMPTY_BODY = YES;
				CLANG_WARN_ENUM_CONVERSION = YES;
				CLANG_WARN_INFINITE_RECURSION = YES;
				CLANG_WARN_INT_CONVERSION = YES;
				CLANG_WARN_NON_LITERAL_NULL_CONVERSION = YES;
				CLANG_WARN_OBJC_IMPLICIT_RETAIN_SELF = YES;
				CLANG_WARN_OBJC_LITERAL_CONVERSION = YES;
				CLANG_WARN_OBJC_ROOT_CLASS = YES_ERROR;
				CLANG_WARN_QUOTED_INCLUDE_IN_FRAMEWORK_HEADER = YES;
				CLANG_WARN_RANGE_LOOP_ANALYSIS = YES;
				CLANG_WARN_STRICT_PROTOTYPES = YES;
				CLANG_WARN_SUSPICIOUS_MOVE = YES;
				CLANG_WARN_UNGUARDED_AVAILABILITY = YES_AGGRESSIVE;
				CLANG_WARN_UNREACHABLE_CODE = YES;
				CLANG_WARN__DUPLICATE_METHOD_MATCH = YES;
				COPY_PHASE_STRIP = NO;
				DEBUG_INFORMATION_FORMAT = "dwarf-with-dsym";
				ENABLE_NS_ASSERTIONS = NO;
				ENABLE_PREVIEWS = YES;
				ENABLE_STRICT_OBJC_MSGSEND = YES;
				GCC_C_LANGUAGE_STANDARD = gnu11;
				GCC_NO_COMMON_BLOCKS = YES;
				GCC_WARN_64_TO_32_BIT_CONVERSION = YES;
				GCC_WARN_ABOUT_RETURN_TYPE = YES_ERROR;
				GCC_WARN_UNDECLARED_SELECTOR = YES;
				GCC_WARN_UNINITIALIZED_AUTOS = YES_AGGRESSIVE;
				GCC_WARN_UNUSED_FUNCTION = YES;
				GCC_WARN_UNUSED_VARIABLE = YES;
				IPHONEOS_DEPLOYMENT_TARGET = 17.0;
				MTL_ENABLE_DEBUG_INFO = NO;
				MTL_FAST_MATH = YES;
				PRODUCT_NAME = "$(TARGET_NAME)";
				SDKROOT = iphoneos;
				SWIFT_COMPILATION_MODE = wholemodule;
				SWIFT_OPTIMIZATION_LEVEL = "-O";
				SWIFT_VERSION = 5.10;
			};
			name = Release;
		};
		CB79ED869B74C9A3421BE265 /* Release */ = {
			isa = XCBuildConfiguration;
			buildSettings = {
				BUNDLE_LOADER = "$(TEST_HOST)";
				IPHONEOS_DEPLOYMENT_TARGET = 17.0;
				LD_RUNPATH_SEARCH_PATHS = (
					"$(inherited)",
					"@executable_path/Frameworks",
					"@loader_path/Frameworks",
				);
				PRODUCT_BUNDLE_IDENTIFIER = com.orbital.OrbitalAppTests;
				SDKROOT = iphoneos;
				TARGETED_DEVICE_FAMILY = "1,2";
				TEST_HOST = "$(BUILT_PRODUCTS_DIR)/OrbitalApp.app/OrbitalApp";
			};
			name = Release;
		};
/* End XCBuildConfiguration section */

/* Begin XCConfigurationList section */
		309F0BC1AB913ED2B17174C1 /* Build configuration list for PBXNativeTarget "OrbitalAppTests" */ = {
			isa = XCConfigurationList;
			buildConfigurations = (
				890B1236012284A0F6C94669 /* Debug */,
				CB79ED869B74C9A3421BE265 /* Release */,
			);
			defaultConfigurationIsVisible = 0;
			defaultConfigurationName = Debug;
		};
		49947A928AABD43E2AA2622D /* Build configuration list for PBXNativeTarget "OrbitalApp" */ = {
			isa = XCConfigurationList;
			buildConfigurations = (
				B19602970E28D138DC1770C1 /* Debug */,
				907F4F5EDECAA5CB85F3B704 /* Release */,
			);
			defaultConfigurationIsVisible = 0;
			defaultConfigurationName = Debug;
		};
		DC6440AC9C08BEC8DC748103 /* Build configuration list for PBXProject "OrbitalApp" */ = {
			isa = XCConfigurationList;
			buildConfigurations = (
				4478FB3C8936205F22ED6C78 /* Debug */,
				C65F4402CC69D4FB85B9DA10 /* Release */,
			);
			defaultConfigurationIsVisible = 0;
			defaultConfigurationName = Debug;
		};
/* End XCConfigurationList section */
	};
	rootObject = FBFCFD641A25498760696220 /* Project object */;
}
