// !$*UTF8*$!
{
	archiveVersion = 1;
	classes = {
	};
	objectVersion = 77;
	objects = {

/* Begin PBXBuildFile section */
		0074B30E16044733764F2598 /* Colors.swift in Sources */ = {isa = PBXBuildFile; fileRef = 3C74785FD199151318DE6833 /* Colors.swift */; };
		04E269BB7504DAC2055A9DED /* PlaceCategory+Style.swift in Sources */ = {isa = PBXBuildFile; fileRef = E8A7DF97CC89CCFF459829EB /* PlaceCategory+Style.swift */; };
		05FC897ADFECA031FDA0DA5D /* SecondaryButton.swift in Sources */ = {isa = PBXBuildFile; fileRef = 53C98A1DE348715CEEAC9DF8 /* SecondaryButton.swift */; };
		08230373213CCC693F88C8BD /* Elevation.swift in Sources */ = {isa = PBXBuildFile; fileRef = 659ED1362E9EC00D6660B67F /* Elevation.swift */; };
		0C4C618D9AF9F07BD8623276 /* AuthViewModelTests.swift in Sources */ = {isa = PBXBuildFile; fileRef = 7D4DF3B4B556265B61A064EB /* AuthViewModelTests.swift */; };
		0C6CB848A1A18C498656E639 /* AppTextFieldStyle.swift in Sources */ = {isa = PBXBuildFile; fileRef = C8F9ADAD5F656151AA57120D /* AppTextFieldStyle.swift */; };
		1566A35C54FFC96A10822433 /* AuthRepository.swift in Sources */ = {isa = PBXBuildFile; fileRef = 8D17F8E30FE7924FBEA12191 /* AuthRepository.swift */; };
		24555B7A77F53FAA1B50203E /* LandmarkInspectorViewModel.swift in Sources */ = {isa = PBXBuildFile; fileRef = 895A4DFC88C72A5FB3EF12E7 /* LandmarkInspectorViewModel.swift */; };
		26A15B9E036CD1930E018855 /* Spacing.swift in Sources */ = {isa = PBXBuildFile; fileRef = 22D2D3B728387A11706945DA /* Spacing.swift */; };
		2772AA3F9100EC07900E9F7B /* HomeTabView.swift in Sources */ = {isa = PBXBuildFile; fileRef = 8627C3D62FEE56373A63F447 /* HomeTabView.swift */; };
		28F418A83539742971C0A0E6 /* AuthViewModel.swift in Sources */ = {isa = PBXBuildFile; fileRef = E0FAFB7E6988157C0094D086 /* AuthViewModel.swift */; };
		374044F1C48F014BAF77F1DA /* MapRepository.swift in Sources */ = {isa = PBXBuildFile; fileRef = FE186C9EB6789CCEBD623219 /* MapRepository.swift */; };
		3B028D59A9365A79F7DB23A9 /* Assets.xcassets in Resources */ = {isa = PBXBuildFile; fileRef = 0D6441FEB3023748D664A76F /* Assets.xcassets */; };
		3B91FCAB35648FA61FFC3378 /* Coordinate.swift in Sources */ = {isa = PBXBuildFile; fileRef = FAA6BA55DBE052327B2A36CE /* Coordinate.swift */; };
		500D7EBA83131C11597C31A1 /* JoinCallUseCase.swift in Sources */ = {isa = PBXBuildFile; fileRef = DE767EA6DEE62E5EB4B2C017 /* JoinCallUseCase.swift */; };
		54B01157E80926BD28097BB1 /* ARSceneView.swift in Sources */ = {isa = PBXBuildFile; fileRef = 15D2C699AE34211B68F5279C /* ARSceneView.swift */; };
		57DB29C8EAA7AF8D48813C16 /* RotatingCubeSceneView.swift in Sources */ = {isa = PBXBuildFile; fileRef = C6D1ED069FC0304927771C74 /* RotatingCubeSceneView.swift */; };
		624A55AE0FA231028E768958 /* PlaceAnnotationItem.swift in Sources */ = {isa = PBXBuildFile; fileRef = DFC84D9CE28625987F67CE00 /* PlaceAnnotationItem.swift */; };
		65014E0632933A2FFA27D7A0 /* RootView.swift in Sources */ = {isa = PBXBuildFile; fileRef = 80EED36066BFFA5B68D39266 /* RootView.swift */; };
		6DF6933AA0F714C38F7F5AAF /* PrimaryButton.swift in Sources */ = {isa = PBXBuildFile; fileRef = 0799F8AA687E7FFC33D725A6 /* PrimaryButton.swift */; };
		6E5CD93BCE4E9610D180FEAB /* AppEnvironment.swift in Sources */ = {isa = PBXBuildFile; fileRef = B7F3C8F8D70A5629CDBB4ABC /* AppEnvironment.swift */; };
		70D1E202224969EED365B513 /* LoginUseCase.swift in Sources */ = {isa = PBXBuildFile; fileRef = 39E5E0ADFE36E994C82BCBE8 /* LoginUseCase.swift */; };
		71E2B07BD9ABF40309D04987 /* LandmarkInspectorView.swift in Sources */ = {isa = PBXBuildFile; fileRef = EB64345535D711E5F87724B5 /* LandmarkInspectorView.swift */; };
		72E8AD8374A76FB1644FEEF6 /* AuthView.swift in Sources */ = {isa = PBXBuildFile; fileRef = 24015B9C8E7B90C5BF4631CF /* AuthView.swift */; };
		75ACE719E6DF720B6830EE6F /* SessionStore.swift in Sources */ = {isa = PBXBuildFile; fileRef = 332791237AD6CFDF44ADB694 /* SessionStore.swift */; };
		7C9765B6BE220406E17DF320 /* ARScreenView.swift in Sources */ = {isa = PBXBuildFile; fileRef = 5B2DB90125F857C8D4658F38 /* ARScreenView.swift */; };
		7F4B84F674C922DED41C3AC3 /* Avatar.swift in Sources */ = {isa = PBXBuildFile; fileRef = DDAF8430D439615F12DDA742 /* Avatar.swift */; };
		8254E70DF799E3E532B7035D /* ExploreScreenView.swift in Sources */ = {isa = PBXBuildFile; fileRef = 236B5BC9617E046C35DBEEA6 /* ExploreScreenView.swift */; };
		8598ACF84B1494601F61F8CA /* LoadingStateView.swift in Sources */ = {isa = PBXBuildFile; fileRef = 132A3D3CEF9F725FF9D2D330 /* LoadingStateView.swift */; };
		898ED95EF4400AA4AB3DFDD3 /* MapViewModel.swift in Sources */ = {isa = PBXBuildFile; fileRef = A56BE6A892B1BFE5C80514CF /* MapViewModel.swift */; };
		8AC1C5FF03AE6C9C70F229FA /* MockCallService.swift in Sources */ = {isa = PBXBuildFile; fileRef = 23426CE00D57367445C9BB2C /* MockCallService.swift */; };
		8E34B352B80B0E0C0870AE2F /* MapScreenView.swift in Sources */ = {isa = PBXBuildFile; fileRef = 5E90F3483E2EC41D31838F39 /* MapScreenView.swift */; };
		90047DBED256C05C329746B8 /* CallViewModel.swift in Sources */ = {isa = PBXBuildFile; fileRef = BEE746BCAD99B6D6AAEEF511 /* CallViewModel.swift */; };
		91E343D5C58ADBDDD77DB766 /* MockMapRepository.swift in Sources */ = {isa = PBXBuildFile; fileRef = FC1247B4269BECF19046C9C3 /* MockMapRepository.swift */; };
		9500BD5D3C3D2FCF8D77E80E /* ProfileViewModel.swift in Sources */ = {isa = PBXBuildFile; fileRef = 83A3E57CB2628D5B007E7CA4 /* ProfileViewModel.swift */; };
		96CC187D1B31E3E39F0633FB /* InCallView.swift in Sources */ = {isa = PBXBuildFile; fileRef = 2C419C889D1E4EEB3B6523BE /* InCallView.swift */; };
		97FC20C22C1E869406966117 /* AuthError.swift in Sources */ = {isa = PBXBuildFile; fileRef = 85457808C7B0223B6761FEF8 /* AuthError.swift */; };
		9B2EE2F3900A96AFFAC80E21 /* UserLocationProvider.swift in Sources */ = {isa = PBXBuildFile; fileRef = 868894038C66E53357DA79EA /* UserLocationProvider.swift */; };
		9EDFF38AA0B663F55853CB67 /* CallRoom.swift in Sources */ = {isa = PBXBuildFile; fileRef = 23919F0A838F2C330B876F37 /* CallRoom.swift */; };
		A4448BB8D1D7A3CFBDE5164E /* Motion.swift in Sources */ = {isa = PBXBuildFile; fileRef = 25C136DA8211BC6739602101 /* Motion.swift */; };
		A708D4BFA57F91C995342511 /* User.swift in Sources */ = {isa = PBXBuildFile; fileRef = 23A12C6D89E8495948961940 /* User.swift */; };
		A74DE740EB5A2BF41A5887F3 /* SnackbarView.swift in Sources */ = {isa = PBXBuildFile; fileRef = 3366A245CB28FE6B3A29BFFD /* SnackbarView.swift */; };
		A7758E5733648012B750FDFC /* CoreLocationProvider.swift in Sources */ = {isa = PBXBuildFile; fileRef = 665400164743B7B91D83D477 /* CoreLocationProvider.swift */; };
		AF432D5322905DFD67E4ACF3 /* MockAuthRepository.swift in Sources */ = {isa = PBXBuildFile; fileRef = BC6D606A8C23CD8C013B6B75 /* MockAuthRepository.swift */; };
		B2104C47BFF9A63D9D4B68FA /* ProfileView.swift in Sources */ = {isa = PBXBuildFile; fileRef = 551946CCC4CF156D9CB19812 /* ProfileView.swift */; };
		B5FD4561D47FB57AA33AB645 /* CallLobbyView.swift in Sources */ = {isa = PBXBuildFile; fileRef = A290B7E95F962E38464E019D /* CallLobbyView.swift */; };
		B88DF87716FB68B05D4F0DBA /* CallService.swift in Sources */ = {isa = PBXBuildFile; fileRef = 1C1885CDD094700CB560C59F /* CallService.swift */; };
		BCF94FA5AF1D2DB91B812BA2 /* SectionHeader.swift in Sources */ = {isa = PBXBuildFile; fileRef = A7C05DBB18308DAA377B23D0 /* SectionHeader.swift */; };
		BDCBA8BE919AB5582EDE38BC /* EmptyStateView.swift in Sources */ = {isa = PBXBuildFile; fileRef = 8656319DCEB7B6AD8FC9F929 /* EmptyStateView.swift */; };
		CB8E6BC9A68134ED2C000B6D /* IconButton.swift in Sources */ = {isa = PBXBuildFile; fileRef = 2E53AA89831E8A89772D5FE1 /* IconButton.swift */; };
		D5827455A9E39667B3C42C52 /* ExploreViewModel.swift in Sources */ = {isa = PBXBuildFile; fileRef = 0CF050F4F16AECC5D8D8653B /* ExploreViewModel.swift */; };
		D62477BD2D65D0DB63D55943 /* MetaCityApp.swift in Sources */ = {isa = PBXBuildFile; fileRef = 903AC114C343A87391C0314C /* MetaCityApp.swift */; };
		E42C72FCDC3A1EEA3CB02A89 /* LoginUseCaseTests.swift in Sources */ = {isa = PBXBuildFile; fileRef = 506225FA1D1F3C3D2A35DF0B /* LoginUseCaseTests.swift */; };
		E6A2E425A39265080ED65236 /* ARViewModel.swift in Sources */ = {isa = PBXBuildFile; fileRef = 8F1466E91DE67CF29FC9C472 /* ARViewModel.swift */; };
		E9FD6892B652B78B6375D2FB /* ErrorAlert.swift in Sources */ = {isa = PBXBuildFile; fileRef = BE060E842B49838705EAAAA9 /* ErrorAlert.swift */; };
		EC140C7660BB72885D86743F /* Typography.swift in Sources */ = {isa = PBXBuildFile; fileRef = E6DCACF1478054786022641F /* Typography.swift */; };
		F4C704414C3B69848540AFD0 /* Radius.swift in Sources */ = {isa = PBXBuildFile; fileRef = 9EA9719A95A3962C952EBDD1 /* Radius.swift */; };
		F68D7A2D99B51EFCFE5799D6 /* SurfaceCard.swift in Sources */ = {isa = PBXBuildFile; fileRef = F80E77685BDE08B949845DFB /* SurfaceCard.swift */; };
		FA7A86D6DE4AD6AF3DD884C0 /* CallError.swift in Sources */ = {isa = PBXBuildFile; fileRef = F267111599497D97A355136B /* CallError.swift */; };
/* End PBXBuildFile section */

/* Begin PBXContainerItemProxy section */
		3C36C079C0AA62366029E323 /* PBXContainerItemProxy */ = {
			isa = PBXContainerItemProxy;
			containerPortal = 63E72CB88335B745D033F0CD /* Project object */;
			proxyType = 1;
			remoteGlobalIDString = 38B1F163960B076058EF99D2;
			remoteInfo = MetaCity;
		};
/* End PBXContainerItemProxy section */

/* Begin PBXFileReference section */
		0799F8AA687E7FFC33D725A6 /* PrimaryButton.swift */ = {isa = PBXFileReference; lastKnownFileType = sourcecode.swift; path = PrimaryButton.swift; sourceTree = "<group>"; };
		0CF050F4F16AECC5D8D8653B /* ExploreViewModel.swift */ = {isa = PBXFileReference; lastKnownFileType = sourcecode.swift; path = ExploreViewModel.swift; sourceTree = "<group>"; };
		0D6441FEB3023748D664A76F /* Assets.xcassets */ = {isa = PBXFileReference; lastKnownFileType = folder.assetcatalog; path = Assets.xcassets; sourceTree = "<group>"; };
		132A3D3CEF9F725FF9D2D330 /* LoadingStateView.swift */ = {isa = PBXFileReference; lastKnownFileType = sourcecode.swift; path = LoadingStateView.swift; sourceTree = "<group>"; };
		15D2C699AE34211B68F5279C /* ARSceneView.swift */ = {isa = PBXFileReference; lastKnownFileType = sourcecode.swift; path = ARSceneView.swift; sourceTree = "<group>"; };
		1C1885CDD094700CB560C59F /* CallService.swift */ = {isa = PBXFileReference; lastKnownFileType = sourcecode.swift; path = CallService.swift; sourceTree = "<group>"; };
		223B0432CE46691BF0F1C862 /* MetaCityTests.xctest */ = {isa = PBXFileReference; includeInIndex = 0; lastKnownFileType = wrapper.cfbundle; path = MetaCityTests.xctest; sourceTree = BUILT_PRODUCTS_DIR; };
		22D2D3B728387A11706945DA /* Spacing.swift */ = {isa = PBXFileReference; lastKnownFileType = sourcecode.swift; path = Spacing.swift; sourceTree = "<group>"; };
		23426CE00D57367445C9BB2C /* MockCallService.swift */ = {isa = PBXFileReference; lastKnownFileType = sourcecode.swift; path = MockCallService.swift; sourceTree = "<group>"; };
		236B5BC9617E046C35DBEEA6 /* ExploreScreenView.swift */ = {isa = PBXFileReference; lastKnownFileType = sourcecode.swift; path = ExploreScreenView.swift; sourceTree = "<group>"; };
		23919F0A838F2C330B876F37 /* CallRoom.swift */ = {isa = PBXFileReference; lastKnownFileType = sourcecode.swift; path = CallRoom.swift; sourceTree = "<group>"; };
		23A12C6D89E8495948961940 /* User.swift */ = {isa = PBXFileReference; lastKnownFileType = sourcecode.swift; path = User.swift; sourceTree = "<group>"; };
		24015B9C8E7B90C5BF4631CF /* AuthView.swift */ = {isa = PBXFileReference; lastKnownFileType = sourcecode.swift; path = AuthView.swift; sourceTree = "<group>"; };
		25C136DA8211BC6739602101 /* Motion.swift */ = {isa = PBXFileReference; lastKnownFileType = sourcecode.swift; path = Motion.swift; sourceTree = "<group>"; };
		2C419C889D1E4EEB3B6523BE /* InCallView.swift */ = {isa = PBXFileReference; lastKnownFileType = sourcecode.swift; path = InCallView.swift; sourceTree = "<group>"; };
		2E53AA89831E8A89772D5FE1 /* IconButton.swift */ = {isa = PBXFileReference; lastKnownFileType = sourcecode.swift; path = IconButton.swift; sourceTree = "<group>"; };
		332791237AD6CFDF44ADB694 /* SessionStore.swift */ = {isa = PBXFileReference; lastKnownFileType = sourcecode.swift; path = SessionStore.swift; sourceTree = "<group>"; };
		3366A245CB28FE6B3A29BFFD /* SnackbarView.swift */ = {isa = PBXFileReference; lastKnownFileType = sourcecode.swift; path = SnackbarView.swift; sourceTree = "<group>"; };
		39E5E0ADFE36E994C82BCBE8 /* LoginUseCase.swift */ = {isa = PBXFileReference; lastKnownFileType = sourcecode.swift; path = LoginUseCase.swift; sourceTree = "<group>"; };
		3C74785FD199151318DE6833 /* Colors.swift */ = {isa = PBXFileReference; lastKnownFileType = sourcecode.swift; path = Colors.swift; sourceTree = "<group>"; };
		506225FA1D1F3C3D2A35DF0B /* LoginUseCaseTests.swift */ = {isa = PBXFileReference; lastKnownFileType = sourcecode.swift; path = LoginUseCaseTests.swift; sourceTree = "<group>"; };
		52CE488FE5A99869340786D1 /* MetaCity.app */ = {isa = PBXFileReference; includeInIndex = 0; lastKnownFileType = wrapper.application; path = MetaCity.app; sourceTree = BUILT_PRODUCTS_DIR; };
		53C98A1DE348715CEEAC9DF8 /* SecondaryButton.swift */ = {isa = PBXFileReference; lastKnownFileType = sourcecode.swift; path = SecondaryButton.swift; sourceTree = "<group>"; };
		551946CCC4CF156D9CB19812 /* ProfileView.swift */ = {isa = PBXFileReference; lastKnownFileType = sourcecode.swift; path = ProfileView.swift; sourceTree = "<group>"; };
		5B2DB90125F857C8D4658F38 /* ARScreenView.swift */ = {isa = PBXFileReference; lastKnownFileType = sourcecode.swift; path = ARScreenView.swift; sourceTree = "<group>"; };
		5E90F3483E2EC41D31838F39 /* MapScreenView.swift */ = {isa = PBXFileReference; lastKnownFileType = sourcecode.swift; path = MapScreenView.swift; sourceTree = "<group>"; };
		659ED1362E9EC00D6660B67F /* Elevation.swift */ = {isa = PBXFileReference; lastKnownFileType = sourcecode.swift; path = Elevation.swift; sourceTree = "<group>"; };
		665400164743B7B91D83D477 /* CoreLocationProvider.swift */ = {isa = PBXFileReference; lastKnownFileType = sourcecode.swift; path = CoreLocationProvider.swift; sourceTree = "<group>"; };
		7D4DF3B4B556265B61A064EB /* AuthViewModelTests.swift */ = {isa = PBXFileReference; lastKnownFileType = sourcecode.swift; path = AuthViewModelTests.swift; sourceTree = "<group>"; };
		80EED36066BFFA5B68D39266 /* RootView.swift */ = {isa = PBXFileReference; lastKnownFileType = sourcecode.swift; path = RootView.swift; sourceTree = "<group>"; };
		83A3E57CB2628D5B007E7CA4 /* ProfileViewModel.swift */ = {isa = PBXFileReference; lastKnownFileType = sourcecode.swift; path = ProfileViewModel.swift; sourceTree = "<group>"; };
		85457808C7B0223B6761FEF8 /* AuthError.swift */ = {isa = PBXFileReference; lastKnownFileType = sourcecode.swift; path = AuthError.swift; sourceTree = "<group>"; };
		8627C3D62FEE56373A63F447 /* HomeTabView.swift */ = {isa = PBXFileReference; lastKnownFileType = sourcecode.swift; path = HomeTabView.swift; sourceTree = "<group>"; };
		8656319DCEB7B6AD8FC9F929 /* EmptyStateView.swift */ = {isa = PBXFileReference; lastKnownFileType = sourcecode.swift; path = EmptyStateView.swift; sourceTree = "<group>"; };
		868894038C66E53357DA79EA /* UserLocationProvider.swift */ = {isa = PBXFileReference; lastKnownFileType = sourcecode.swift; path = UserLocationProvider.swift; sourceTree = "<group>"; };
		895A4DFC88C72A5FB3EF12E7 /* LandmarkInspectorViewModel.swift */ = {isa = PBXFileReference; lastKnownFileType = sourcecode.swift; path = LandmarkInspectorViewModel.swift; sourceTree = "<group>"; };
		8D17F8E30FE7924FBEA12191 /* AuthRepository.swift */ = {isa = PBXFileReference; lastKnownFileType = sourcecode.swift; path = AuthRepository.swift; sourceTree = "<group>"; };
		8F1466E91DE67CF29FC9C472 /* ARViewModel.swift */ = {isa = PBXFileReference; lastKnownFileType = sourcecode.swift; path = ARViewModel.swift; sourceTree = "<group>"; };
		903AC114C343A87391C0314C /* MetaCityApp.swift */ = {isa = PBXFileReference; lastKnownFileType = sourcecode.swift; path = MetaCityApp.swift; sourceTree = "<group>"; };
		9EA9719A95A3962C952EBDD1 /* Radius.swift */ = {isa = PBXFileReference; lastKnownFileType = sourcecode.swift; path = Radius.swift; sourceTree = "<group>"; };
		A290B7E95F962E38464E019D /* CallLobbyView.swift */ = {isa = PBXFileReference; lastKnownFileType = sourcecode.swift; path = CallLobbyView.swift; sourceTree = "<group>"; };
		A56BE6A892B1BFE5C80514CF /* MapViewModel.swift */ = {isa = PBXFileReference; lastKnownFileType = sourcecode.swift; path = MapViewModel.swift; sourceTree = "<group>"; };
		A7C05DBB18308DAA377B23D0 /* SectionHeader.swift */ = {isa = PBXFileReference; lastKnownFileType = sourcecode.swift; path = SectionHeader.swift; sourceTree = "<group>"; };
		B7F3C8F8D70A5629CDBB4ABC /* AppEnvironment.swift */ = {isa = PBXFileReference; lastKnownFileType = sourcecode.swift; path = AppEnvironment.swift; sourceTree = "<group>"; };
		BC6D606A8C23CD8C013B6B75 /* MockAuthRepository.swift */ = {isa = PBXFileReference; lastKnownFileType = sourcecode.swift; path = MockAuthRepository.swift; sourceTree = "<group>"; };
		BE060E842B49838705EAAAA9 /* ErrorAlert.swift */ = {isa = PBXFileReference; lastKnownFileType = sourcecode.swift; path = ErrorAlert.swift; sourceTree = "<group>"; };
		BEE746BCAD99B6D6AAEEF511 /* CallViewModel.swift */ = {isa = PBXFileReference; lastKnownFileType = sourcecode.swift; path = CallViewModel.swift; sourceTree = "<group>"; };
		C6D1ED069FC0304927771C74 /* RotatingCubeSceneView.swift */ = {isa = PBXFileReference; lastKnownFileType = sourcecode.swift; path = RotatingCubeSceneView.swift; sourceTree = "<group>"; };
		C8F9ADAD5F656151AA57120D /* AppTextFieldStyle.swift */ = {isa = PBXFileReference; lastKnownFileType = sourcecode.swift; path = AppTextFieldStyle.swift; sourceTree = "<group>"; };
		DAA55EAD678200D65635E9FA /* Info.plist */ = {isa = PBXFileReference; lastKnownFileType = text.plist; path = Info.plist; sourceTree = "<group>"; };
		DDAF8430D439615F12DDA742 /* Avatar.swift */ = {isa = PBXFileReference; lastKnownFileType = sourcecode.swift; path = Avatar.swift; sourceTree = "<group>"; };
		DE767EA6DEE62E5EB4B2C017 /* JoinCallUseCase.swift */ = {isa = PBXFileReference; lastKnownFileType = sourcecode.swift; path = JoinCallUseCase.swift; sourceTree = "<group>"; };
		DFC84D9CE28625987F67CE00 /* PlaceAnnotationItem.swift */ = {isa = PBXFileReference; lastKnownFileType = sourcecode.swift; path = PlaceAnnotationItem.swift; sourceTree = "<group>"; };
		E0FAFB7E6988157C0094D086 /* AuthViewModel.swift */ = {isa = PBXFileReference; lastKnownFileType = sourcecode.swift; path = AuthViewModel.swift; sourceTree = "<group>"; };
		E6DCACF1478054786022641F /* Typography.swift */ = {isa = PBXFileReference; lastKnownFileType = sourcecode.swift; path = Typography.swift; sourceTree = "<group>"; };
		E8A7DF97CC89CCFF459829EB /* PlaceCategory+Style.swift */ = {isa = PBXFileReference; lastKnownFileType = sourcecode.swift; path = "PlaceCategory+Style.swift"; sourceTree = "<group>"; };
		EB64345535D711E5F87724B5 /* LandmarkInspectorView.swift */ = {isa = PBXFileReference; lastKnownFileType = sourcecode.swift; path = LandmarkInspectorView.swift; sourceTree = "<group>"; };
		F267111599497D97A355136B /* CallError.swift */ = {isa = PBXFileReference; lastKnownFileType = sourcecode.swift; path = CallError.swift; sourceTree = "<group>"; };
		F80E77685BDE08B949845DFB /* SurfaceCard.swift */ = {isa = PBXFileReference; lastKnownFileType = sourcecode.swift; path = SurfaceCard.swift; sourceTree = "<group>"; };
		FAA6BA55DBE052327B2A36CE /* Coordinate.swift */ = {isa = PBXFileReference; lastKnownFileType = sourcecode.swift; path = Coordinate.swift; sourceTree = "<group>"; };
		FC1247B4269BECF19046C9C3 /* MockMapRepository.swift */ = {isa = PBXFileReference; lastKnownFileType = sourcecode.swift; path = MockMapRepository.swift; sourceTree = "<group>"; };
		FE186C9EB6789CCEBD623219 /* MapRepository.swift */ = {isa = PBXFileReference; lastKnownFileType = sourcecode.swift; path = MapRepository.swift; sourceTree = "<group>"; };
/* End PBXFileReference section */

/* Begin PBXGroup section */
		07108B06779AE40889FA3981 /* Location */ = {
			isa = PBXGroup;
			children = (
				665400164743B7B91D83D477 /* CoreLocationProvider.swift */,
			);
			path = Location;
			sourceTree = "<group>";
		};
		0B241ADF04C4343DC8D24E5C /* Calls */ = {
			isa = PBXGroup;
			children = (
				A290B7E95F962E38464E019D /* CallLobbyView.swift */,
				BEE746BCAD99B6D6AAEEF511 /* CallViewModel.swift */,
				2C419C889D1E4EEB3B6523BE /* InCallView.swift */,
			);
			path = Calls;
			sourceTree = "<group>";
		};
		0E037DE2A82A66BD31C274D6 /* Map */ = {
			isa = PBXGroup;
			children = (
				5E90F3483E2EC41D31838F39 /* MapScreenView.swift */,
				A56BE6A892B1BFE5C80514CF /* MapViewModel.swift */,
			);
			path = Map;
			sourceTree = "<group>";
		};
		1895B15F1AD1A8E89FD844F3 /* Models */ = {
			isa = PBXGroup;
			children = (
				23919F0A838F2C330B876F37 /* CallRoom.swift */,
				FAA6BA55DBE052327B2A36CE /* Coordinate.swift */,
				DFC84D9CE28625987F67CE00 /* PlaceAnnotationItem.swift */,
				23A12C6D89E8495948961940 /* User.swift */,
			);
			path = Models;
			sourceTree = "<group>";
		};
		1FEFB22947DEB12EDF1985C4 /* Explore */ = {
			isa = PBXGroup;
			children = (
				236B5BC9617E046C35DBEEA6 /* ExploreScreenView.swift */,
				0CF050F4F16AECC5D8D8653B /* ExploreViewModel.swift */,
				EB64345535D711E5F87724B5 /* LandmarkInspectorView.swift */,
				895A4DFC88C72A5FB3EF12E7 /* LandmarkInspectorViewModel.swift */,
				C6D1ED069FC0304927771C74 /* RotatingCubeSceneView.swift */,
			);
			path = Explore;
			sourceTree = "<group>";
		};
		2B67C1A04DCA5D663CBFA3D0 /* Auth */ = {
			isa = PBXGroup;
			children = (
				BC6D606A8C23CD8C013B6B75 /* MockAuthRepository.swift */,
			);
			path = Auth;
			sourceTree = "<group>";
		};
		4762D42495D1768860F08B66 /* Errors */ = {
			isa = PBXGroup;
			children = (
				85457808C7B0223B6761FEF8 /* AuthError.swift */,
				F267111599497D97A355136B /* CallError.swift */,
			);
			path = Errors;
			sourceTree = "<group>";
		};
		5A82A03337FE020436348CA5 /* DesignSystem */ = {
			isa = PBXGroup;
			children = (
				C816920AC4F252CBA661DC69 /* Components */,
				B172712AE9227400654E0BCA /* Foundations */,
			);
			path = DesignSystem;
			sourceTree = "<group>";
		};
		78FBE2669E11EACA411C5C22 /* Services */ = {
			isa = PBXGroup;
			children = (
				2B67C1A04DCA5D663CBFA3D0 /* Auth */,
				D56EE7ADF1ABB6A57E7D2BEF /* Call */,
				07108B06779AE40889FA3981 /* Location */,
				C0EAB94EE5A56BD981F60248 /* Map */,
			);
			path = Services;
			sourceTree = "<group>";
		};
		801DC87146DB498B2F35051B /* Products */ = {
			isa = PBXGroup;
			children = (
				52CE488FE5A99869340786D1 /* MetaCity.app */,
				223B0432CE46691BF0F1C862 /* MetaCityTests.xctest */,
			);
			name = Products;
			sourceTree = "<group>";
		};
		8410D19A931101C3782AD1D7 /* Repositories */ = {
			isa = PBXGroup;
			children = (
				8D17F8E30FE7924FBEA12191 /* AuthRepository.swift */,
				1C1885CDD094700CB560C59F /* CallService.swift */,
				FE186C9EB6789CCEBD623219 /* MapRepository.swift */,
				868894038C66E53357DA79EA /* UserLocationProvider.swift */,
			);
			path = Repositories;
			sourceTree = "<group>";
		};
		84A3813AD2C07C3E8FF7185E /* MetaCityTests */ = {
			isa = PBXGroup;
			children = (
				7D4DF3B4B556265B61A064EB /* AuthViewModelTests.swift */,
				506225FA1D1F3C3D2A35DF0B /* LoginUseCaseTests.swift */,
			);
			path = MetaCityTests;
			sourceTree = "<group>";
		};
		8B455B5980C8C4BD3A9E4B64 /* Core */ = {
			isa = PBXGroup;
			children = (
				B7F3C8F8D70A5629CDBB4ABC /* AppEnvironment.swift */,
				903AC114C343A87391C0314C /* MetaCityApp.swift */,
				80EED36066BFFA5B68D39266 /* RootView.swift */,
				332791237AD6CFDF44ADB694 /* SessionStore.swift */,
				4762D42495D1768860F08B66 /* Errors */,
				F475BB0BEF37B82D38816797 /* UseCases */,
			);
			path = Core;
			sourceTree = "<group>";
		};
		8DC7C2BEF50BBF9DF8225E97 /* Auth */ = {
			isa = PBXGroup;
			children = (
				24015B9C8E7B90C5BF4631CF /* AuthView.swift */,
				E0FAFB7E6988157C0094D086 /* AuthViewModel.swift */,
			);
			path = Auth;
			sourceTree = "<group>";
		};
		B172712AE9227400654E0BCA /* Foundations */ = {
			isa = PBXGroup;
			children = (
				3C74785FD199151318DE6833 /* Colors.swift */,
				659ED1362E9EC00D6660B67F /* Elevation.swift */,
				25C136DA8211BC6739602101 /* Motion.swift */,
				9EA9719A95A3962C952EBDD1 /* Radius.swift */,
				22D2D3B728387A11706945DA /* Spacing.swift */,
				E6DCACF1478054786022641F /* Typography.swift */,
			);
			path = Foundations;
			sourceTree = "<group>";
		};
		BF3ADAF450749F73FBD139C3 /* Features */ = {
			isa = PBXGroup;
			children = (
				D200F4129764031A4BAC7CC8 /* AR */,
				8DC7C2BEF50BBF9DF8225E97 /* Auth */,
				0B241ADF04C4343DC8D24E5C /* Calls */,
				1FEFB22947DEB12EDF1985C4 /* Explore */,
				E02E68D5553C406307C4DA7B /* Home */,
				0E037DE2A82A66BD31C274D6 /* Map */,
				DCDE0E1B8DD2F18AE4BE8CD7 /* Profile */,
			);
			path = Features;
			sourceTree = "<group>";
		};
		C0EAB94EE5A56BD981F60248 /* Map */ = {
			isa = PBXGroup;
			children = (
				FC1247B4269BECF19046C9C3 /* MockMapRepository.swift */,
			);
			path = Map;
			sourceTree = "<group>";
		};
		C816920AC4F252CBA661DC69 /* Components */ = {
			isa = PBXGroup;
			children = (
				C8F9ADAD5F656151AA57120D /* AppTextFieldStyle.swift */,
				DDAF8430D439615F12DDA742 /* Avatar.swift */,
				8656319DCEB7B6AD8FC9F929 /* EmptyStateView.swift */,
				BE060E842B49838705EAAAA9 /* ErrorAlert.swift */,
				2E53AA89831E8A89772D5FE1 /* IconButton.swift */,
				132A3D3CEF9F725FF9D2D330 /* LoadingStateView.swift */,
				E8A7DF97CC89CCFF459829EB /* PlaceCategory+Style.swift */,
				0799F8AA687E7FFC33D725A6 /* PrimaryButton.swift */,
				53C98A1DE348715CEEAC9DF8 /* SecondaryButton.swift */,
				A7C05DBB18308DAA377B23D0 /* SectionHeader.swift */,
				3366A245CB28FE6B3A29BFFD /* SnackbarView.swift */,
				F80E77685BDE08B949845DFB /* SurfaceCard.swift */,
			);
			path = Components;
			sourceTree = "<group>";
		};
		CB9EA3851BE4883490865694 /* MetaCity */ = {
			isa = PBXGroup;
			children = (
				8B455B5980C8C4BD3A9E4B64 /* Core */,
				5A82A03337FE020436348CA5 /* DesignSystem */,
				BF3ADAF450749F73FBD139C3 /* Features */,
				1895B15F1AD1A8E89FD844F3 /* Models */,
				8410D19A931101C3782AD1D7 /* Repositories */,
				F069B17EFD7BA7C5E2F49A09 /* Resources */,
				78FBE2669E11EACA411C5C22 /* Services */,
			);
			path = MetaCity;
			sourceTree = "<group>";
		};
		D200F4129764031A4BAC7CC8 /* AR */ = {
			isa = PBXGroup;
			children = (
				15D2C699AE34211B68F5279C /* ARSceneView.swift */,
				5B2DB90125F857C8D4658F38 /* ARScreenView.swift */,
				8F1466E91DE67CF29FC9C472 /* ARViewModel.swift */,
			);
			path = AR;
			sourceTree = "<group>";
		};
		D56EE7ADF1ABB6A57E7D2BEF /* Call */ = {
			isa = PBXGroup;
			children = (
				23426CE00D57367445C9BB2C /* MockCallService.swift */,
			);
			path = Call;
			sourceTree = "<group>";
		};
		D84AFDDEEA1D13C934478FA2 = {
			isa = PBXGroup;
			children = (
				CB9EA3851BE4883490865694 /* MetaCity */,
				84A3813AD2C07C3E8FF7185E /* MetaCityTests */,
				801DC87146DB498B2F35051B /* Products */,
			);
			sourceTree = "<group>";
		};
		DCDE0E1B8DD2F18AE4BE8CD7 /* Profile */ = {
			isa = PBXGroup;
			children = (
				551946CCC4CF156D9CB19812 /* ProfileView.swift */,
				83A3E57CB2628D5B007E7CA4 /* ProfileViewModel.swift */,
			);
			path = Profile;
			sourceTree = "<group>";
		};
		E02E68D5553C406307C4DA7B /* Home */ = {
			isa = PBXGroup;
			children = (
				8627C3D62FEE56373A63F447 /* HomeTabView.swift */,
			);
			path = Home;
			sourceTree = "<group>";
		};
		F069B17EFD7BA7C5E2F49A09 /* Resources */ = {
			isa = PBXGroup;
			children = (
				0D6441FEB3023748D664A76F /* Assets.xcassets */,
				DAA55EAD678200D65635E9FA /* Info.plist */,
			);
			path = Resources;
			sourceTree = "<group>";
		};
		F475BB0BEF37B82D38816797 /* UseCases */ = {
			isa = PBXGroup;
			children = (
				DE767EA6DEE62E5EB4B2C017 /* JoinCallUseCase.swift */,
				39E5E0ADFE36E994C82BCBE8 /* LoginUseCase.swift */,
			);
			path = UseCases;
			sourceTree = "<group>";
		};
/* End PBXGroup section */

/* Begin PBXNativeTarget section */
		274D6BC284D2E457A0D33905 /* MetaCityTests */ = {
			isa = PBXNativeTarget;
			buildConfigurationList = 51ACC294425690D7D48D14F4 /* Build configuration list for PBXNativeTarget "MetaCityTests" */;
			buildPhases = (
				D9DBD761AE267D7DEEB34811 /* Sources */,
			);
			buildRules = (
			);
			dependencies = (
				8A0EC906AFE0858628AEC960 /* PBXTargetDependency */,
			);
			name = MetaCityTests;
			packageProductDependencies = (
			);
			productName = MetaCityTests;
			productReference = 223B0432CE46691BF0F1C862 /* MetaCityTests.xctest */;
			productType = "com.apple.product-type.bundle.unit-test";
		};
		38B1F163960B076058EF99D2 /* MetaCity */ = {
			isa = PBXNativeTarget;
			buildConfigurationList = E862966EFFF382D4843D2932 /* Build configuration list for PBXNativeTarget "MetaCity" */;
			buildPhases = (
				65118CA0F30039BC2629F046 /* Sources */,
				B0B7945B67ECA68335C6F98F /* Resources */,
			);
			buildRules = (
			);
			dependencies = (
			);
			name = MetaCity;
			packageProductDependencies = (
			);
			productName = MetaCity;
			productReference = 52CE488FE5A99869340786D1 /* MetaCity.app */;
			productType = "com.apple.product-type.application";
		};
/* End PBXNativeTarget section */

/* Begin PBXProject section */
		63E72CB88335B745D033F0CD /* Project object */ = {
			isa = PBXProject;
			attributes = {
				BuildIndependentTargetsInParallel = YES;
				LastUpgradeCheck = 1430;
				TargetAttributes = {
				};
			};
			buildConfigurationList = FA1A2BFF5CF52FDC4E0C89EE /* Build configuration list for PBXProject "MetaCity" */;
			developmentRegion = en;
			hasScannedForEncodings = 0;
			knownRegions = (
				Base,
				en,
			);
			mainGroup = D84AFDDEEA1D13C934478FA2;
			minimizedProjectReferenceProxies = 1;
			preferredProjectObjectVersion = 77;
			productRefGroup = 801DC87146DB498B2F35051B /* Products */;
			projectDirPath = "";
			projectRoot = "";
			targets = (
				38B1F163960B076058EF99D2 /* MetaCity */,
				274D6BC284D2E457A0D33905 /* MetaCityTests */,
			);
		};
/* End PBXProject section */

/* Begin PBXResourcesBuildPhase section */
		B0B7945B67ECA68335C6F98F /* Resources */ = {
			isa = PBXResourcesBuildPhase;
			buildActionMask = 2147483647;
			files = (
				3B028D59A9365A79F7DB23A9 /* Assets.xcassets in Resources */,
			);
			runOnlyForDeploymentPostprocessing = 0;
		};
/* End PBXResourcesBuildPhase section */

/* Begin PBXSourcesBuildPhase section */
		65118CA0F30039BC2629F046 /* Sources */ = {
			isa = PBXSourcesBuildPhase;
			buildActionMask = 2147483647;
			files = (
				54B01157E80926BD28097BB1 /* ARSceneView.swift in Sources */,
				7C9765B6BE220406E17DF320 /* ARScreenView.swift in Sources */,
				E6A2E425A39265080ED65236 /* ARViewModel.swift in Sources */,
				6E5CD93BCE4E9610D180FEAB /* AppEnvironment.swift in Sources */,
				0C6CB848A1A18C498656E639 /* AppTextFieldStyle.swift in Sources */,
				97FC20C22C1E869406966117 /* AuthError.swift in Sources */,
				1566A35C54FFC96A10822433 /* AuthRepository.swift in Sources */,
				72E8AD8374A76FB1644FEEF6 /* AuthView.swift in Sources */,
				28F418A83539742971C0A0E6 /* AuthViewModel.swift in Sources */,
				7F4B84F674C922DED41C3AC3 /* Avatar.swift in Sources */,
				FA7A86D6DE4AD6AF3DD884C0 /* CallError.swift in Sources */,
				B5FD4561D47FB57AA33AB645 /* CallLobbyView.swift in Sources */,
				9EDFF38AA0B663F55853CB67 /* CallRoom.swift in Sources */,
				B88DF87716FB68B05D4F0DBA /* CallService.swift in Sources */,
				90047DBED256C05C329746B8 /* CallViewModel.swift in Sources */,
				0074B30E16044733764F2598 /* Colors.swift in Sources */,
				3B91FCAB35648FA61FFC3378 /* Coordinate.swift in Sources */,
				A7758E5733648012B750FDFC /* CoreLocationProvider.swift in Sources */,
				08230373213CCC693F88C8BD /* Elevation.swift in Sources */,
				BDCBA8BE919AB5582EDE38BC /* EmptyStateView.swift in Sources */,
				E9FD6892B652B78B6375D2FB /* ErrorAlert.swift in Sources */,
				8254E70DF799E3E532B7035D /* ExploreScreenView.swift in Sources */,
				D5827455A9E39667B3C42C52 /* ExploreViewModel.swift in Sources */,
				2772AA3F9100EC07900E9F7B /* HomeTabView.swift in Sources */,
				CB8E6BC9A68134ED2C000B6D /* IconButton.swift in Sources */,
				96CC187D1B31E3E39F0633FB /* InCallView.swift in Sources */,
				500D7EBA83131C11597C31A1 /* JoinCallUseCase.swift in Sources */,
				71E2B07BD9ABF40309D04987 /* LandmarkInspectorView.swift in Sources */,
				24555B7A77F53FAA1B50203E /* LandmarkInspectorViewModel.swift in Sources */,
				8598ACF84B1494601F61F8CA /* LoadingStateView.swift in Sources */,
				70D1E202224969EED365B513 /* LoginUseCase.swift in Sources */,
				374044F1C48F014BAF77F1DA /* MapRepository.swift in Sources */,
				8E34B352B80B0E0C0870AE2F /* MapScreenView.swift in Sources */,
				898ED95EF4400AA4AB3DFDD3 /* MapViewModel.swift in Sources */,
				D62477BD2D65D0DB63D55943 /* MetaCityApp.swift in Sources */,
				AF432D5322905DFD67E4ACF3 /* MockAuthRepository.swift in Sources */,
				8AC1C5FF03AE6C9C70F229FA /* MockCallService.swift in Sources */,
				91E343D5C58ADBDDD77DB766 /* MockMapRepository.swift in Sources */,
				A4448BB8D1D7A3CFBDE5164E /* Motion.swift in Sources */,
				624A55AE0FA231028E768958 /* PlaceAnnotationItem.swift in Sources */,
				04E269BB7504DAC2055A9DED /* PlaceCategory+Style.swift in Sources */,
				6DF6933AA0F714C38F7F5AAF /* PrimaryButton.swift in Sources */,
				B2104C47BFF9A63D9D4B68FA /* ProfileView.swift in Sources */,
				9500BD5D3C3D2FCF8D77E80E /* ProfileViewModel.swift in Sources */,
				F4C704414C3B69848540AFD0 /* Radius.swift in Sources */,
				65014E0632933A2FFA27D7A0 /* RootView.swift in Sources */,
				57DB29C8EAA7AF8D48813C16 /* RotatingCubeSceneView.swift in Sources */,
				05FC897ADFECA031FDA0DA5D /* SecondaryButton.swift in Sources */,
				BCF94FA5AF1D2DB91B812BA2 /* SectionHeader.swift in Sources */,
				75ACE719E6DF720B6830EE6F /* SessionStore.swift in Sources */,
				A74DE740EB5A2BF41A5887F3 /* SnackbarView.swift in Sources */,
				26A15B9E036CD1930E018855 /* Spacing.swift in Sources */,
				F68D7A2D99B51EFCFE5799D6 /* SurfaceCard.swift in Sources */,
				EC140C7660BB72885D86743F /* Typography.swift in Sources */,
				A708D4BFA57F91C995342511 /* User.swift in Sources */,
				9B2EE2F3900A96AFFAC80E21 /* UserLocationProvider.swift in Sources */,
			);
			runOnlyForDeploymentPostprocessing = 0;
		};
		D9DBD761AE267D7DEEB34811 /* Sources */ = {
			isa = PBXSourcesBuildPhase;
			buildActionMask = 2147483647;
			files = (
				0C4C618D9AF9F07BD8623276 /* AuthViewModelTests.swift in Sources */,
				E42C72FCDC3A1EEA3CB02A89 /* LoginUseCaseTests.swift in Sources */,
			);
			runOnlyForDeploymentPostprocessing = 0;
		};
/* End PBXSourcesBuildPhase section */

/* Begin PBXTargetDependency section */
		8A0EC906AFE0858628AEC960 /* PBXTargetDependency */ = {
			isa = PBXTargetDependency;
			target = 38B1F163960B076058EF99D2 /* MetaCity */;
			targetProxy = 3C36C079C0AA62366029E323 /* PBXContainerItemProxy */;
		};
/* End PBXTargetDependency section */

/* Begin XCBuildConfiguration section */
		456314B1159BC380490D35B0 /* Release */ = {
			isa = XCBuildConfiguration;
			buildSettings = {
				ALWAYS_SEARCH_USER_PATHS = NO;
				CLANG_ANALYZER_NONNULL = YES;
				CLANG_ANALYZER_NUMBER_OBJECT_CONVERSION = YES_AGGRESSIVE;
				CLANG_CXX_LANGUAGE_STANDARD = "gnu++14";
				CLANG_CXX_LIBRARY = "libc++";
				CLANG_ENABLE_MODULES = YES;
				CLANG_ENABLE_OBJC_ARC = YES;
				CLANG_ENABLE_OBJC_WEAK = YES;
				CLANG_WARN_BLOCK_CAPTURE_AUTORELEASING = YES;
				CLANG_WARN_BOOL_CONVERSION = YES;
				CLANG_WARN_COMMA = YES;
				CLANG_WARN_CONSTANT_CONVERSION = YES;
				CLANG_WARN_DEPRECATED_OBJC_IMPLEMENTATIONS = YES;
				CLANG_WARN_DIRECT_OBJC_ISA_USAGE = YES_ERROR;
				CLANG_WARN_DOCUMENTATION_COMMENTS = YES;
				CLANG_WARN_EMPTY_BODY = YES;
				CLANG_WARN_ENUM_CONVERSION = YES;
				CLANG_WARN_INFINITE_RECURSION = YES;
				CLANG_WARN_INT_CONVERSION = YES;
				CLANG_WARN_NON_LITERAL_NULL_CONVERSION = YES;
				CLANG_WARN_OBJC_IMPLICIT_RETAIN_SELF = YES;
				CLANG_WARN_OBJC_LITERAL_CONVERSION = YES;
				CLANG_WARN_OBJC_ROOT_CLASS = YES_ERROR;
				CLANG_WARN_QUOTED_INCLUDE_IN_FRAMEWORK_HEADER = YES;
				CLANG_WARN_RANGE_LOOP_ANALYSIS = YES;
				CLANG_WARN_STRICT_PROTOTYPES = YES;
				CLANG_WARN_SUSPICIOUS_MOVE = YES;
				CLANG_WARN_UNGUARDED_AVAILABILITY = YES_AGGRESSIVE;
				CLANG_WARN_UNREACHABLE_CODE = YES;
				CLANG_WARN__DUPLICATE_METHOD_MATCH = YES;
				COPY_PHASE_STRIP = NO;
				DEBUG_INFORMATION_FORMAT = "dwarf-with-dsym";
				ENABLE_NS_ASSERTIONS = NO;
				ENABLE_PREVIEWS = YES;
				ENABLE_STRICT_OBJC_MSGSEND = YES;
				GCC_C_LANGUAGE_STANDARD = gnu11;
				GCC_NO_COMMON_BLOCKS = YES;
				GCC_WARN_64_TO_32_BIT_CONVERSION = YES;
				GCC_WARN_ABOUT_RETURN_TYPE = YES_ERROR;
				GCC_WARN_UNDECLARED_SELECTOR = YES;
				GCC_WARN_UNINITIALIZED_AUTOS = YES_AGGRESSIVE;
				GCC_WARN_UNUSED_FUNCTION = YES;
				GCC_WARN_UNUSED_VARIABLE = YES;
				IPHONEOS_DEPLOYMENT_TARGET = 17.0;
				MTL_ENABLE_DEBUG_INFO = NO;
				MTL_FAST_MATH = YES;
				PRODUCT_NAME = "$(TARGET_NAME)";
				SDKROOT = iphoneos;
				SWIFT_COMPILATION_MODE = wholemodule;
				SWIFT_OPTIMIZATION_LEVEL = "-O";
				SWIFT_VERSION = 5.10;
			};
			name = Release;
		};
		666365EBEA221CCFE5DFB89B /* Release */ = {
			isa = XCBuildConfiguration;
			buildSettings = {
				ASSETCATALOG_COMPILER_APPICON_NAME = AppIcon;
				ASSETCATALOG_COMPILER_GLOBAL_ACCENT_COLOR_NAME = AccentColor;
				CODE_SIGN_IDENTITY = "iPhone Developer";
				INFOPLIST_FILE = MetaCity/Resources/Info.plist;
				IPHONEOS_DEPLOYMENT_TARGET = 17.0;
				LD_RUNPATH_SEARCH_PATHS = (
					"$(inherited)",
					"@executable_path/Frameworks",
				);
				PRODUCT_BUNDLE_IDENTIFIER = com.metacity.app;
				SDKROOT = iphoneos;
				TARGETED_DEVICE_FAMILY = 1;
			};
			name = Release;
		};
		A0534A64B618289C55F2EB53 /* Debug */ = {
			isa = XCBuildConfiguration;
			buildSettings = {
				ASSETCATALOG_COMPILER_APPICON_NAME = AppIcon;
				ASSETCATALOG_COMPILER_GLOBAL_ACCENT_COLOR_NAME = AccentColor;
				CODE_SIGN_IDENTITY = "iPhone Developer";
				INFOPLIST_FILE = MetaCity/Resources/Info.plist;
				IPHONEOS_DEPLOYMENT_TARGET = 17.0;
				LD_RUNPATH_SEARCH_PATHS = (
					"$(inherited)",
					"@executable_path/Frameworks",
				);
				PRODUCT_BUNDLE_IDENTIFIER = com.metacity.app;
				SDKROOT = iphoneos;
				TARGETED_DEVICE_FAMILY = 1;
			};
			name = Debug;
		};
		B4711C910AA0CAC8FBBBAE6B /* Debug */ = {
			isa = XCBuildConfiguration;
			buildSettings = {
				ALWAYS_SEARCH_USER_PATHS = NO;
				CLANG_ANALYZER_NONNULL = YES;
				CLANG_ANALYZER_NUMBER_OBJECT_CONVERSION = YES_AGGRESSIVE;
				CLANG_CXX_LANGUAGE_STANDARD = "gnu++14";
				CLANG_CXX_LIBRARY = "libc++";
				CLANG_ENABLE_MODULES = YES;
				CLANG_ENABLE_OBJC_ARC = YES;
				CLANG_ENABLE_OBJC_WEAK = YES;
				CLANG_WARN_BLOCK_CAPTURE_AUTORELEASING = YES;
				CLANG_WARN_BOOL_CONVERSION = YES;
				CLANG_WARN_COMMA = YES;
				CLANG_WARN_CONSTANT_CONVERSION = YES;
				CLANG_WARN_DEPRECATED_OBJC_IMPLEMENTATIONS = YES;
				CLANG_WARN_DIRECT_OBJC_ISA_USAGE = YES_ERROR;
				CLANG_WARN_DOCUMENTATION_COMMENTS = YES;
				CLANG_WARN_EMPTY_BODY = YES;
				CLANG_WARN_ENUM_CONVERSION = YES;
				CLANG_WARN_INFINITE_RECURSION = YES;
				CLANG_WARN_INT_CONVERSION = YES;
				CLANG_WARN_NON_LITERAL_NULL_CONVERSION = YES;
				CLANG_WARN_OBJC_IMPLICIT_RETAIN_SELF = YES;
				CLANG_WARN_OBJC_LITERAL_CONVERSION = YES;
				CLANG_WARN_OBJC_ROOT_CLASS = YES_ERROR;
				CLANG_WARN_QUOTED_INCLUDE_IN_FRAMEWORK_HEADER = YES;
				CLANG_WARN_RANGE_LOOP_ANALYSIS = YES;
				CLANG_WARN_STRICT_PROTOTYPES = YES;
				CLANG_WARN_SUSPICIOUS_MOVE = YES;
				CLANG_WARN_UNGUARDED_AVAILABILITY = YES_AGGRESSIVE;
				CLANG_WARN_UNREACHABLE_CODE = YES;
				CLANG_WARN__DUPLICATE_METHOD_MATCH = YES;
				COPY_PHASE_STRIP = NO;
				DEBUG_INFORMATION_FORMAT = dwarf;
				ENABLE_PREVIEWS = YES;
				ENABLE_STRICT_OBJC_MSGSEND = YES;
				ENABLE_TESTABILITY = YES;
				GCC_C_LANGUAGE_STANDARD = gnu11;
				GCC_DYNAMIC_NO_PIC = NO;
				GCC_NO_COMMON_BLOCKS = YES;
				GCC_OPTIMIZATION_LEVEL = 0;
				GCC_PREPROCESSOR_DEFINITIONS = (
					"$(inherited)",
					"DEBUG=1",
				);
				GCC_WARN_64_TO_32_BIT_CONVERSION = YES;
				GCC_WARN_ABOUT_RETURN_TYPE = YES_ERROR;
				GCC_WARN_UNDECLARED_SELECTOR = YES;
				GCC_WARN_UNINITIALIZED_AUTOS = YES_AGGRESSIVE;
				GCC_WARN_UNUSED_FUNCTION = YES;
				GCC_WARN_UNUSED_VARIABLE = YES;
				IPHONEOS_DEPLOYMENT_TARGET = 17.0;
				MTL_ENABLE_DEBUG_INFO = INCLUDE_SOURCE;
				MTL_FAST_MATH = YES;
				ONLY_ACTIVE_ARCH = YES;
				PRODUCT_NAME = "$(TARGET_NAME)";
				SDKROOT = iphoneos;
				SWIFT_ACTIVE_COMPILATION_CONDITIONS = DEBUG;
				SWIFT_OPTIMIZATION_LEVEL = "-Onone";
				SWIFT_VERSION = 5.10;
			};
			name = Debug;
		};
		D900B966C5E63D9A6D8371AD /* Debug */ = {
			isa = XCBuildConfiguration;
			buildSettings = {
				BUNDLE_LOADER = "$(TEST_HOST)";
				GENERATE_INFOPLIST_FILE = YES;
				IPHONEOS_DEPLOYMENT_TARGET = 17.0;
				LD_RUNPATH_SEARCH_PATHS = (
					"$(inherited)",
					"@executable_path/Frameworks",
					"@loader_path/Frameworks",
				);
				PRODUCT_BUNDLE_IDENTIFIER = com.metacity.app.tests;
				SDKROOT = iphoneos;
				TARGETED_DEVICE_FAMILY = "1,2";
				TEST_HOST = "$(BUILT_PRODUCTS_DIR)/MetaCity.app/MetaCity";
			};
			name = Debug;
		};
		F9A04EB7152F96E570F0E009 /* Release */ = {
			isa = XCBuildConfiguration;
			buildSettings = {
				BUNDLE_LOADER = "$(TEST_HOST)";
				GENERATE_INFOPLIST_FILE = YES;
				IPHONEOS_DEPLOYMENT_TARGET = 17.0;
				LD_RUNPATH_SEARCH_PATHS = (
					"$(inherited)",
					"@executable_path/Frameworks",
					"@loader_path/Frameworks",
				);
				PRODUCT_BUNDLE_IDENTIFIER = com.metacity.app.tests;
				SDKROOT = iphoneos;
				TARGETED_DEVICE_FAMILY = "1,2";
				TEST_HOST = "$(BUILT_PRODUCTS_DIR)/MetaCity.app/MetaCity";
			};
			name = Release;
		};
/* End XCBuildConfiguration section */

/* Begin XCConfigurationList section */
		51ACC294425690D7D48D14F4 /* Build configuration list for PBXNativeTarget "MetaCityTests" */ = {
			isa = XCConfigurationList;
			buildConfigurations = (
				D900B966C5E63D9A6D8371AD /* Debug */,
				F9A04EB7152F96E570F0E009 /* Release */,
			);
			defaultConfigurationIsVisible = 0;
			defaultConfigurationName = Debug;
		};
		E862966EFFF382D4843D2932 /* Build configuration list for PBXNativeTarget "MetaCity" */ = {
			isa = XCConfigurationList;
			buildConfigurations = (
				A0534A64B618289C55F2EB53 /* Debug */,
				666365EBEA221CCFE5DFB89B /* Release */,
			);
			defaultConfigurationIsVisible = 0;
			defaultConfigurationName = Debug;
		};
		FA1A2BFF5CF52FDC4E0C89EE /* Build configuration list for PBXProject "MetaCity" */ = {
			isa = XCConfigurationList;
			buildConfigurations = (
				B4711C910AA0CAC8FBBBAE6B /* Debug */,
				456314B1159BC380490D35B0 /* Release */,
			);
			defaultConfigurationIsVisible = 0;
			defaultConfigurationName = Debug;
		};
/* End XCConfigurationList section */
	};
	rootObject = 63E72CB88335B745D033F0CD /* Project object */;
}
